Microsoft Visual Studio Solution File, Format Version 7.00
Project("{8BC9CEB8-8B4A-11D0-8D11-00A0C91BC942}") = "Common", "Win32\VC\Common\Common.vcproj", "{09D9D9F2-3933-419C-ACA6-8731BF0A4686}"
EndProject
Project("{8BC9CEB8-8B4A-11D0-8D11-00A0C91BC942}") = "CommonTest", "Win32\VC\CommonTest\CommonTest.vcproj", "{637A31F3-6182-4593-8773-BE00749A6F5D}"
EndProject
Project("{8BC9CEB8-8B4A-11D0-8D11-00A0C91BC942}") = "ImlUnit", "Win32\VC\ImlUnit\ImlUnit.vcproj", "{7CDAADC7-CA80-4CC2-8A1B-3466795F694D}"
EndProject
Project("{8BC9CEB8-8B4A-11D0-8D11-00A0C91BC942}") = "XrcVC", "libs\wxWindows\contrib\src\xrc\XrcVC.vcproj", "{245C807F-AAC7-45EE-BCCC-7CCCA6060752}"
EndProject
Project("{8BC9CEB8-8B4A-11D0-8D11-00A0C91BC942}") = "freetype", "libs\freetype2\builds\win32\visualc\freetype.vcproj", "{875B56E4-DA0E-45A6-B4FA-FAB20AC69938}"
EndProject
Project("{8BC9CEB8-8B4A-11D0-8D11-00A0C91BC942}") = "libfivel_crypto", "Win32\VC\libfivel_crypto\libfivel_crypto.vcproj", "{EF75EB64-2600-468F-87FD-069CE13E03A1}"
EndProject
Project("{8BC9CEB8-8B4A-11D0-8D11-00A0C91BC942}") = "libivorbisdec", "wx\MSVC\libivorbisdec\libivorbisdec.vcproj", "{A3BAB39A-7392-4503-8327-90E965A39B1B}"
EndProject
Project("{8BC9CEB8-8B4A-11D0-8D11-00A0C91BC942}") = "libmzgc", "libs\plt\src\worksp\libmzgc\libmzgc.vcproj", "{8DA687A8-2112-4116-9ABA-7B79A2BC6D1C}"
EndProject
Project("{8BC9CEB8-8B4A-11D0-8D11-00A0C91BC942}") = "libmzsch", "libs\plt\src\worksp\libmzsch\libmzsch.vcproj", "{EEC54D26-1485-4520-8FFB-DB53BCA8D1E6}"
EndProject
Project("{8BC9CEB8-8B4A-11D0-8D11-00A0C91BC942}") = "libxml2", "libs\libxml2\win32\dsp\libxml2.vcproj", "{167D8742-C61D-4EE8-A8F6-70E13E2329EA}"
EndProject
Project("{8BC9CEB8-8B4A-11D0-8D11-00A0C91BC942}") = "portaudio", "wx\MSVC\portaudio\portaudio.vcproj", "{1C2E0562-ADD8-482F-8B23-804AF3E5D8A6}"
EndProject
Project("{8BC9CEB8-8B4A-11D0-8D11-00A0C91BC942}") = "wx5L", "wx\MSVC\wx5L\wx5L.vcproj", "{A8F77DD7-CB7D-4277-B1DA-F2BF54B6CF18}"
EndProject
Project("{8BC9CEB8-8B4A-11D0-8D11-00A0C91BC942}") = "wxIE", "WX\MSVC\wxIE\wxIE.vcproj", "{EA08BA49-0849-4CF6-8D4B-090AC856CBE6}"
EndProject
Project("{8BC9CEB8-8B4A-11D0-8D11-00A0C91BC942}") = "wxRcVC", "libs\wxWindows\contrib\utils\wxrc\wxRcVC.vcproj", "{DD7850AD-CC81-4747-84A9-3BEC75D37549}"
EndProject
Project("{8BC9CEB8-8B4A-11D0-8D11-00A0C91BC942}") = "wxq2", "libs\quake2\wxq2.vcproj", "{96606A8A-AB00-4DA9-8AF3-BAD7F8AF4406}"
EndProject
Project("{8BC9CEB8-8B4A-11D0-8D11-00A0C91BC942}") = "wxWindows", "libs\wxWindows\src\wxWindows.vcproj", "{48CC4338-E063-45F8-B133-7D6251F19020}"
EndProject
Project("{8BC9CEB8-8B4A-11D0-8D11-00A0C91BC942}") = "zlib", "libs\wxWindows\src\zlib\zlib.vcproj", "{53B766CA-02AF-473F-A676-1973A8C0F734}"
EndProject
Project("{8BC9CEB8-8B4A-11D0-8D11-00A0C91BC942}") = "tiff", "libs\wxWindows\src\tiff\tiff.vcproj", "{771E4828-B1C4-42DA-AEF8-B620613BA551}"
EndProject
Project("{8BC9CEB8-8B4A-11D0-8D11-00A0C91BC942}") = "png", "libs\wxWindows\src\png\png.vcproj", "{D94AD255-E3BD-4939-A0E6-F29FE3C41E97}"
EndProject
Project("{8BC9CEB8-8B4A-11D0-8D11-00A0C91BC942}") = "regex", "libs\wxWindows\src\regex\regex.vcproj", "{6EC27AA4-3A38-4219-B410-7A057DC8340A}"
EndProject
Project("{8BC9CEB8-8B4A-11D0-8D11-00A0C91BC942}") = "jpeg", "libs\wxWindows\src\jpeg\jpeg.vcproj", "{82E64229-D539-43EE-AD46-DEC2F16E939F}"
EndProject
Global
	GlobalSection(SolutionConfiguration) = preSolution
		ConfigName.0 = Debug
		ConfigName.1 = Debug DLL
		ConfigName.2 = Debug Multithreaded
		ConfigName.3 = Debug Singlethreaded
		ConfigName.4 = Debug Unicode
		ConfigName.5 = Debug Unicode DLL
		ConfigName.6 = Release
		ConfigName.7 = Release DLL
		ConfigName.8 = Release Multithreaded
		ConfigName.9 = Release Singlethreaded
		ConfigName.10 = Release Unicode
		ConfigName.11 = Release Unicode DLL
	EndGlobalSection
	GlobalSection(ProjectDependencies) = postSolution
		{09D9D9F2-3933-419C-ACA6-8731BF0A4686}.0 = {875B56E4-DA0E-45A6-B4FA-FAB20AC69938}
		{09D9D9F2-3933-419C-ACA6-8731BF0A4686}.1 = {EF75EB64-2600-468F-87FD-069CE13E03A1}
		{09D9D9F2-3933-419C-ACA6-8731BF0A4686}.2 = {EEC54D26-1485-4520-8FFB-DB53BCA8D1E6}
		{09D9D9F2-3933-419C-ACA6-8731BF0A4686}.3 = {167D8742-C61D-4EE8-A8F6-70E13E2329EA}
		{637A31F3-6182-4593-8773-BE00749A6F5D}.0 = {09D9D9F2-3933-419C-ACA6-8731BF0A4686}
		{637A31F3-6182-4593-8773-BE00749A6F5D}.1 = {7CDAADC7-CA80-4CC2-8A1B-3466795F694D}
		{245C807F-AAC7-45EE-BCCC-7CCCA6060752}.0 = {48CC4338-E063-45F8-B133-7D6251F19020}
		{EEC54D26-1485-4520-8FFB-DB53BCA8D1E6}.0 = {8DA687A8-2112-4116-9ABA-7B79A2BC6D1C}
		{A8F77DD7-CB7D-4277-B1DA-F2BF54B6CF18}.0 = {EA08BA49-0849-4CF6-8D4B-090AC856CBE6}
		{A8F77DD7-CB7D-4277-B1DA-F2BF54B6CF18}.1 = {48CC4338-E063-45F8-B133-7D6251F19020}
		{A8F77DD7-CB7D-4277-B1DA-F2BF54B6CF18}.2 = {09D9D9F2-3933-419C-ACA6-8731BF0A4686}
		{A8F77DD7-CB7D-4277-B1DA-F2BF54B6CF18}.3 = {637A31F3-6182-4593-8773-BE00749A6F5D}
		{A8F77DD7-CB7D-4277-B1DA-F2BF54B6CF18}.4 = {96606A8A-AB00-4DA9-8AF3-BAD7F8AF4406}
		{A8F77DD7-CB7D-4277-B1DA-F2BF54B6CF18}.5 = {245C807F-AAC7-45EE-BCCC-7CCCA6060752}
		{A8F77DD7-CB7D-4277-B1DA-F2BF54B6CF18}.6 = {DD7850AD-CC81-4747-84A9-3BEC75D37549}
		{A8F77DD7-CB7D-4277-B1DA-F2BF54B6CF18}.7 = {1C2E0562-ADD8-482F-8B23-804AF3E5D8A6}
		{A8F77DD7-CB7D-4277-B1DA-F2BF54B6CF18}.8 = {A3BAB39A-7392-4503-8327-90E965A39B1B}
		{EA08BA49-0849-4CF6-8D4B-090AC856CBE6}.0 = {48CC4338-E063-45F8-B133-7D6251F19020}
		{DD7850AD-CC81-4747-84A9-3BEC75D37549}.0 = {245C807F-AAC7-45EE-BCCC-7CCCA6060752}
		{96606A8A-AB00-4DA9-8AF3-BAD7F8AF4406}.0 = {48CC4338-E063-45F8-B133-7D6251F19020}
		{48CC4338-E063-45F8-B133-7D6251F19020}.0 = {D94AD255-E3BD-4939-A0E6-F29FE3C41E97}
		{48CC4338-E063-45F8-B133-7D6251F19020}.1 = {82E64229-D539-43EE-AD46-DEC2F16E939F}
		{48CC4338-E063-45F8-B133-7D6251F19020}.2 = {53B766CA-02AF-473F-A676-1973A8C0F734}
		{48CC4338-E063-45F8-B133-7D6251F19020}.3 = {771E4828-B1C4-42DA-AEF8-B620613BA551}
		{48CC4338-E063-45F8-B133-7D6251F19020}.4 = {6EC27AA4-3A38-4219-B410-7A057DC8340A}
	EndGlobalSection
	GlobalSection(ProjectConfiguration) = postSolution
		{09D9D9F2-3933-419C-ACA6-8731BF0A4686}.Debug.ActiveCfg = Debug|Win32
		{09D9D9F2-3933-419C-ACA6-8731BF0A4686}.Debug.Build.0 = Debug|Win32
		{09D9D9F2-3933-419C-ACA6-8731BF0A4686}.Debug DLL.ActiveCfg = Debug|Win32
		{09D9D9F2-3933-419C-ACA6-8731BF0A4686}.Debug DLL.Build.0 = Debug|Win32
		{09D9D9F2-3933-419C-ACA6-8731BF0A4686}.Debug Multithreaded.ActiveCfg = Debug|Win32
		{09D9D9F2-3933-419C-ACA6-8731BF0A4686}.Debug Multithreaded.Build.0 = Debug|Win32
		{09D9D9F2-3933-419C-ACA6-8731BF0A4686}.Debug Singlethreaded.ActiveCfg = Debug|Win32
		{09D9D9F2-3933-419C-ACA6-8731BF0A4686}.Debug Singlethreaded.Build.0 = Debug|Win32
		{09D9D9F2-3933-419C-ACA6-8731BF0A4686}.Debug Unicode.ActiveCfg = Debug|Win32
		{09D9D9F2-3933-419C-ACA6-8731BF0A4686}.Debug Unicode.Build.0 = Debug|Win32
		{09D9D9F2-3933-419C-ACA6-8731BF0A4686}.Debug Unicode DLL.ActiveCfg = Debug|Win32
		{09D9D9F2-3933-419C-ACA6-8731BF0A4686}.Debug Unicode DLL.Build.0 = Debug|Win32
		{09D9D9F2-3933-419C-ACA6-8731BF0A4686}.Release.ActiveCfg = Release|Win32
		{09D9D9F2-3933-419C-ACA6-8731BF0A4686}.Release.Build.0 = Release|Win32
		{09D9D9F2-3933-419C-ACA6-8731BF0A4686}.Release DLL.ActiveCfg = Release|Win32
		{09D9D9F2-3933-419C-ACA6-8731BF0A4686}.Release DLL.Build.0 = Release|Win32
		{09D9D9F2-3933-419C-ACA6-8731BF0A4686}.Release Multithreaded.ActiveCfg = Release|Win32
		{09D9D9F2-3933-419C-ACA6-8731BF0A4686}.Release Multithreaded.Build.0 = Release|Win32
		{09D9D9F2-3933-419C-ACA6-8731BF0A4686}.Release Singlethreaded.ActiveCfg = Release|Win32
		{09D9D9F2-3933-419C-ACA6-8731BF0A4686}.Release Singlethreaded.Build.0 = Release|Win32
		{09D9D9F2-3933-419C-ACA6-8731BF0A4686}.Release Unicode.ActiveCfg = Release|Win32
		{09D9D9F2-3933-419C-ACA6-8731BF0A4686}.Release Unicode.Build.0 = Release|Win32
		{09D9D9F2-3933-419C-ACA6-8731BF0A4686}.Release Unicode DLL.ActiveCfg = Release|Win32
		{09D9D9F2-3933-419C-ACA6-8731BF0A4686}.Release Unicode DLL.Build.0 = Release|Win32
		{637A31F3-6182-4593-8773-BE00749A6F5D}.Debug.ActiveCfg = Debug|Win32
		{637A31F3-6182-4593-8773-BE00749A6F5D}.Debug.Build.0 = Debug|Win32
		{637A31F3-6182-4593-8773-BE00749A6F5D}.Debug DLL.ActiveCfg = Debug|Win32
		{637A31F3-6182-4593-8773-BE00749A6F5D}.Debug DLL.Build.0 = Debug|Win32
		{637A31F3-6182-4593-8773-BE00749A6F5D}.Debug Multithreaded.ActiveCfg = Debug|Win32
		{637A31F3-6182-4593-8773-BE00749A6F5D}.Debug Multithreaded.Build.0 = Debug|Win32
		{637A31F3-6182-4593-8773-BE00749A6F5D}.Debug Singlethreaded.ActiveCfg = Debug|Win32
		{637A31F3-6182-4593-8773-BE00749A6F5D}.Debug Singlethreaded.Build.0 = Debug|Win32
		{637A31F3-6182-4593-8773-BE00749A6F5D}.Debug Unicode.ActiveCfg = Debug|Win32
		{637A31F3-6182-4593-8773-BE00749A6F5D}.Debug Unicode.Build.0 = Debug|Win32
		{637A31F3-6182-4593-8773-BE00749A6F5D}.Debug Unicode DLL.ActiveCfg = Debug|Win32
		{637A31F3-6182-4593-8773-BE00749A6F5D}.Debug Unicode DLL.Build.0 = Debug|Win32
		{637A31F3-6182-4593-8773-BE00749A6F5D}.Release.ActiveCfg = Release|Win32
		{637A31F3-6182-4593-8773-BE00749A6F5D}.Release.Build.0 = Release|Win32
		{637A31F3-6182-4593-8773-BE00749A6F5D}.Release DLL.ActiveCfg = Release|Win32
		{637A31F3-6182-4593-8773-BE00749A6F5D}.Release DLL.Build.0 = Release|Win32
		{637A31F3-6182-4593-8773-BE00749A6F5D}.Release Multithreaded.ActiveCfg = Release|Win32
		{637A31F3-6182-4593-8773-BE00749A6F5D}.Release Multithreaded.Build.0 = Release|Win32
		{637A31F3-6182-4593-8773-BE00749A6F5D}.Release Singlethreaded.ActiveCfg = Release|Win32
		{637A31F3-6182-4593-8773-BE00749A6F5D}.Release Singlethreaded.Build.0 = Release|Win32
		{637A31F3-6182-4593-8773-BE00749A6F5D}.Release Unicode.ActiveCfg = Release|Win32
		{637A31F3-6182-4593-8773-BE00749A6F5D}.Release Unicode.Build.0 = Release|Win32
		{637A31F3-6182-4593-8773-BE00749A6F5D}.Release Unicode DLL.ActiveCfg = Release|Win32
		{637A31F3-6182-4593-8773-BE00749A6F5D}.Release Unicode DLL.Build.0 = Release|Win32
		{7CDAADC7-CA80-4CC2-8A1B-3466795F694D}.Debug.ActiveCfg = Debug|Win32
		{7CDAADC7-CA80-4CC2-8A1B-3466795F694D}.Debug.Build.0 = Debug|Win32
		{7CDAADC7-CA80-4CC2-8A1B-3466795F694D}.Debug DLL.ActiveCfg = Debug|Win32
		{7CDAADC7-CA80-4CC2-8A1B-3466795F694D}.Debug DLL.Build.0 = Debug|Win32
		{7CDAADC7-CA80-4CC2-8A1B-3466795F694D}.Debug Multithreaded.ActiveCfg = Debug|Win32
		{7CDAADC7-CA80-4CC2-8A1B-3466795F694D}.Debug Multithreaded.Build.0 = Debug|Win32
		{7CDAADC7-CA80-4CC2-8A1B-3466795F694D}.Debug Singlethreaded.ActiveCfg = Debug|Win32
		{7CDAADC7-CA80-4CC2-8A1B-3466795F694D}.Debug Singlethreaded.Build.0 = Debug|Win32
		{7CDAADC7-CA80-4CC2-8A1B-3466795F694D}.Debug Unicode.ActiveCfg = Debug|Win32
		{7CDAADC7-CA80-4CC2-8A1B-3466795F694D}.Debug Unicode.Build.0 = Debug|Win32
		{7CDAADC7-CA80-4CC2-8A1B-3466795F694D}.Debug Unicode DLL.ActiveCfg = Debug|Win32
		{7CDAADC7-CA80-4CC2-8A1B-3466795F694D}.Debug Unicode DLL.Build.0 = Debug|Win32
		{7CDAADC7-CA80-4CC2-8A1B-3466795F694D}.Release.ActiveCfg = Release|Win32
		{7CDAADC7-CA80-4CC2-8A1B-3466795F694D}.Release.Build.0 = Release|Win32
		{7CDAADC7-CA80-4CC2-8A1B-3466795F694D}.Release DLL.ActiveCfg = Release|Win32
		{7CDAADC7-CA80-4CC2-8A1B-3466795F694D}.Release DLL.Build.0 = Release|Win32
		{7CDAADC7-CA80-4CC2-8A1B-3466795F694D}.Release Multithreaded.ActiveCfg = Release|Win32
		{7CDAADC7-CA80-4CC2-8A1B-3466795F694D}.Release Multithreaded.Build.0 = Release|Win32
		{7CDAADC7-CA80-4CC2-8A1B-3466795F694D}.Release Singlethreaded.ActiveCfg = Release|Win32
		{7CDAADC7-CA80-4CC2-8A1B-3466795F694D}.Release Singlethreaded.Build.0 = Release|Win32
		{7CDAADC7-CA80-4CC2-8A1B-3466795F694D}.Release Unicode.ActiveCfg = Release|Win32
		{7CDAADC7-CA80-4CC2-8A1B-3466795F694D}.Release Unicode.Build.0 = Release|Win32
		{7CDAADC7-CA80-4CC2-8A1B-3466795F694D}.Release Unicode DLL.ActiveCfg = Release|Win32
		{7CDAADC7-CA80-4CC2-8A1B-3466795F694D}.Release Unicode DLL.Build.0 = Release|Win32
		{245C807F-AAC7-45EE-BCCC-7CCCA6060752}.Debug.ActiveCfg = Debug|Win32
		{245C807F-AAC7-45EE-BCCC-7CCCA6060752}.Debug.Build.0 = Debug|Win32
		{245C807F-AAC7-45EE-BCCC-7CCCA6060752}.Debug DLL.ActiveCfg = Debug|Win32
		{245C807F-AAC7-45EE-BCCC-7CCCA6060752}.Debug DLL.Build.0 = Debug|Win32
		{245C807F-AAC7-45EE-BCCC-7CCCA6060752}.Debug Multithreaded.ActiveCfg = Debug|Win32
		{245C807F-AAC7-45EE-BCCC-7CCCA6060752}.Debug Multithreaded.Build.0 = Debug|Win32
		{245C807F-AAC7-45EE-BCCC-7CCCA6060752}.Debug Singlethreaded.ActiveCfg = Debug|Win32
		{245C807F-AAC7-45EE-BCCC-7CCCA6060752}.Debug Singlethreaded.Build.0 = Debug|Win32
		{245C807F-AAC7-45EE-BCCC-7CCCA6060752}.Debug Unicode.ActiveCfg = Debug|Win32
		{245C807F-AAC7-45EE-BCCC-7CCCA6060752}.Debug Unicode.Build.0 = Debug|Win32
		{245C807F-AAC7-45EE-BCCC-7CCCA6060752}.Debug Unicode DLL.ActiveCfg = Debug|Win32
		{245C807F-AAC7-45EE-BCCC-7CCCA6060752}.Debug Unicode DLL.Build.0 = Debug|Win32
		{245C807F-AAC7-45EE-BCCC-7CCCA6060752}.Release.ActiveCfg = Release|Win32
		{245C807F-AAC7-45EE-BCCC-7CCCA6060752}.Release.Build.0 = Release|Win32
		{245C807F-AAC7-45EE-BCCC-7CCCA6060752}.Release DLL.ActiveCfg = Release|Win32
		{245C807F-AAC7-45EE-BCCC-7CCCA6060752}.Release DLL.Build.0 = Release|Win32
		{245C807F-AAC7-45EE-BCCC-7CCCA6060752}.Release Multithreaded.ActiveCfg = Release|Win32
		{245C807F-AAC7-45EE-BCCC-7CCCA6060752}.Release Multithreaded.Build.0 = Release|Win32
		{245C807F-AAC7-45EE-BCCC-7CCCA6060752}.Release Singlethreaded.ActiveCfg = Release|Win32
		{245C807F-AAC7-45EE-BCCC-7CCCA6060752}.Release Singlethreaded.Build.0 = Release|Win32
		{245C807F-AAC7-45EE-BCCC-7CCCA6060752}.Release Unicode.ActiveCfg = Release|Win32
		{245C807F-AAC7-45EE-BCCC-7CCCA6060752}.Release Unicode.Build.0 = Release|Win32
		{245C807F-AAC7-45EE-BCCC-7CCCA6060752}.Release Unicode DLL.ActiveCfg = Release|Win32
		{245C807F-AAC7-45EE-BCCC-7CCCA6060752}.Release Unicode DLL.Build.0 = Release|Win32
		{875B56E4-DA0E-45A6-B4FA-FAB20AC69938}.Debug.ActiveCfg = Debug|Win32
		{875B56E4-DA0E-45A6-B4FA-FAB20AC69938}.Debug.Build.0 = Debug|Win32
		{875B56E4-DA0E-45A6-B4FA-FAB20AC69938}.Debug DLL.ActiveCfg = Debug Multithreaded|Win32
		{875B56E4-DA0E-45A6-B4FA-FAB20AC69938}.Debug DLL.Build.0 = Debug Multithreaded|Win32
		{875B56E4-DA0E-45A6-B4FA-FAB20AC69938}.Debug Multithreaded.ActiveCfg = Debug Multithreaded|Win32
		{875B56E4-DA0E-45A6-B4FA-FAB20AC69938}.Debug Multithreaded.Build.0 = Debug Multithreaded|Win32
		{875B56E4-DA0E-45A6-B4FA-FAB20AC69938}.Debug Singlethreaded.ActiveCfg = Debug Singlethreaded|Win32
		{875B56E4-DA0E-45A6-B4FA-FAB20AC69938}.Debug Singlethreaded.Build.0 = Debug Singlethreaded|Win32
		{875B56E4-DA0E-45A6-B4FA-FAB20AC69938}.Debug Unicode.ActiveCfg = Debug Multithreaded|Win32
		{875B56E4-DA0E-45A6-B4FA-FAB20AC69938}.Debug Unicode.Build.0 = Debug Multithreaded|Win32
		{875B56E4-DA0E-45A6-B4FA-FAB20AC69938}.Debug Unicode DLL.ActiveCfg = Debug Multithreaded|Win32
		{875B56E4-DA0E-45A6-B4FA-FAB20AC69938}.Debug Unicode DLL.Build.0 = Debug Multithreaded|Win32
		{875B56E4-DA0E-45A6-B4FA-FAB20AC69938}.Release.ActiveCfg = Release|Win32
		{875B56E4-DA0E-45A6-B4FA-FAB20AC69938}.Release.Build.0 = Release|Win32
		{875B56E4-DA0E-45A6-B4FA-FAB20AC69938}.Release DLL.ActiveCfg = Release Multithreaded|Win32
		{875B56E4-DA0E-45A6-B4FA-FAB20AC69938}.Release DLL.Build.0 = Release Multithreaded|Win32
		{875B56E4-DA0E-45A6-B4FA-FAB20AC69938}.Release Multithreaded.ActiveCfg = Release Multithreaded|Win32
		{875B56E4-DA0E-45A6-B4FA-FAB20AC69938}.Release Multithreaded.Build.0 = Release Multithreaded|Win32
		{875B56E4-DA0E-45A6-B4FA-FAB20AC69938}.Release Singlethreaded.ActiveCfg = Release Singlethreaded|Win32
		{875B56E4-DA0E-45A6-B4FA-FAB20AC69938}.Release Singlethreaded.Build.0 = Release Singlethreaded|Win32
		{875B56E4-DA0E-45A6-B4FA-FAB20AC69938}.Release Unicode.ActiveCfg = Release Multithreaded|Win32
		{875B56E4-DA0E-45A6-B4FA-FAB20AC69938}.Release Unicode.Build.0 = Release Multithreaded|Win32
		{875B56E4-DA0E-45A6-B4FA-FAB20AC69938}.Release Unicode DLL.ActiveCfg = Release Multithreaded|Win32
		{875B56E4-DA0E-45A6-B4FA-FAB20AC69938}.Release Unicode DLL.Build.0 = Release Multithreaded|Win32
		{EF75EB64-2600-468F-87FD-069CE13E03A1}.Debug.ActiveCfg = Debug|Win32
		{EF75EB64-2600-468F-87FD-069CE13E03A1}.Debug.Build.0 = Debug|Win32
		{EF75EB64-2600-468F-87FD-069CE13E03A1}.Debug DLL.ActiveCfg = Debug|Win32
		{EF75EB64-2600-468F-87FD-069CE13E03A1}.Debug DLL.Build.0 = Debug|Win32
		{EF75EB64-2600-468F-87FD-069CE13E03A1}.Debug Multithreaded.ActiveCfg = Debug|Win32
		{EF75EB64-2600-468F-87FD-069CE13E03A1}.Debug Multithreaded.Build.0 = Debug|Win32
		{EF75EB64-2600-468F-87FD-069CE13E03A1}.Debug Singlethreaded.ActiveCfg = Debug|Win32
		{EF75EB64-2600-468F-87FD-069CE13E03A1}.Debug Singlethreaded.Build.0 = Debug|Win32
		{EF75EB64-2600-468F-87FD-069CE13E03A1}.Debug Unicode.ActiveCfg = Debug|Win32
		{EF75EB64-2600-468F-87FD-069CE13E03A1}.Debug Unicode.Build.0 = Debug|Win32
		{EF75EB64-2600-468F-87FD-069CE13E03A1}.Debug Unicode DLL.ActiveCfg = Debug|Win32
		{EF75EB64-2600-468F-87FD-069CE13E03A1}.Debug Unicode DLL.Build.0 = Debug|Win32
		{EF75EB64-2600-468F-87FD-069CE13E03A1}.Release.ActiveCfg = Release|Win32
		{EF75EB64-2600-468F-87FD-069CE13E03A1}.Release.Build.0 = Release|Win32
		{EF75EB64-2600-468F-87FD-069CE13E03A1}.Release DLL.ActiveCfg = Release|Win32
		{EF75EB64-2600-468F-87FD-069CE13E03A1}.Release DLL.Build.0 = Release|Win32
		{EF75EB64-2600-468F-87FD-069CE13E03A1}.Release Multithreaded.ActiveCfg = Release|Win32
		{EF75EB64-2600-468F-87FD-069CE13E03A1}.Release Multithreaded.Build.0 = Release|Win32
		{EF75EB64-2600-468F-87FD-069CE13E03A1}.Release Singlethreaded.ActiveCfg = Release|Win32
		{EF75EB64-2600-468F-87FD-069CE13E03A1}.Release Singlethreaded.Build.0 = Release|Win32
		{EF75EB64-2600-468F-87FD-069CE13E03A1}.Release Unicode.ActiveCfg = Release|Win32
		{EF75EB64-2600-468F-87FD-069CE13E03A1}.Release Unicode.Build.0 = Release|Win32
		{EF75EB64-2600-468F-87FD-069CE13E03A1}.Release Unicode DLL.ActiveCfg = Release|Win32
		{EF75EB64-2600-468F-87FD-069CE13E03A1}.Release Unicode DLL.Build.0 = Release|Win32
		{A3BAB39A-7392-4503-8327-90E965A39B1B}.Debug.ActiveCfg = Debug|Win32
		{A3BAB39A-7392-4503-8327-90E965A39B1B}.Debug.Build.0 = Debug|Win32
		{A3BAB39A-7392-4503-8327-90E965A39B1B}.Debug DLL.ActiveCfg = Debug|Win32
		{A3BAB39A-7392-4503-8327-90E965A39B1B}.Debug DLL.Build.0 = Debug|Win32
		{A3BAB39A-7392-4503-8327-90E965A39B1B}.Debug Multithreaded.ActiveCfg = Debug|Win32
		{A3BAB39A-7392-4503-8327-90E965A39B1B}.Debug Multithreaded.Build.0 = Debug|Win32
		{A3BAB39A-7392-4503-8327-90E965A39B1B}.Debug Singlethreaded.ActiveCfg = Debug|Win32
		{A3BAB39A-7392-4503-8327-90E965A39B1B}.Debug Singlethreaded.Build.0 = Debug|Win32
		{A3BAB39A-7392-4503-8327-90E965A39B1B}.Debug Unicode.ActiveCfg = Debug|Win32
		{A3BAB39A-7392-4503-8327-90E965A39B1B}.Debug Unicode.Build.0 = Debug|Win32
		{A3BAB39A-7392-4503-8327-90E965A39B1B}.Debug Unicode DLL.ActiveCfg = Debug|Win32
		{A3BAB39A-7392-4503-8327-90E965A39B1B}.Debug Unicode DLL.Build.0 = Debug|Win32
		{A3BAB39A-7392-4503-8327-90E965A39B1B}.Release.ActiveCfg = Release|Win32
		{A3BAB39A-7392-4503-8327-90E965A39B1B}.Release.Build.0 = Release|Win32
		{A3BAB39A-7392-4503-8327-90E965A39B1B}.Release DLL.ActiveCfg = Release|Win32
		{A3BAB39A-7392-4503-8327-90E965A39B1B}.Release DLL.Build.0 = Release|Win32
		{A3BAB39A-7392-4503-8327-90E965A39B1B}.Release Multithreaded.ActiveCfg = Release|Win32
		{A3BAB39A-7392-4503-8327-90E965A39B1B}.Release Multithreaded.Build.0 = Release|Win32
		{A3BAB39A-7392-4503-8327-90E965A39B1B}.Release Singlethreaded.ActiveCfg = Release|Win32
		{A3BAB39A-7392-4503-8327-90E965A39B1B}.Release Singlethreaded.Build.0 = Release|Win32
		{A3BAB39A-7392-4503-8327-90E965A39B1B}.Release Unicode.ActiveCfg = Release|Win32
		{A3BAB39A-7392-4503-8327-90E965A39B1B}.Release Unicode.Build.0 = Release|Win32
		{A3BAB39A-7392-4503-8327-90E965A39B1B}.Release Unicode DLL.ActiveCfg = Release|Win32
		{A3BAB39A-7392-4503-8327-90E965A39B1B}.Release Unicode DLL.Build.0 = Release|Win32
		{8DA687A8-2112-4116-9ABA-7B79A2BC6D1C}.Debug.ActiveCfg = Debug|Win32
		{8DA687A8-2112-4116-9ABA-7B79A2BC6D1C}.Debug.Build.0 = Debug|Win32
		{8DA687A8-2112-4116-9ABA-7B79A2BC6D1C}.Debug DLL.ActiveCfg = Debug|Win32
		{8DA687A8-2112-4116-9ABA-7B79A2BC6D1C}.Debug DLL.Build.0 = Debug|Win32
		{8DA687A8-2112-4116-9ABA-7B79A2BC6D1C}.Debug Multithreaded.ActiveCfg = Debug|Win32
		{8DA687A8-2112-4116-9ABA-7B79A2BC6D1C}.Debug Multithreaded.Build.0 = Debug|Win32
		{8DA687A8-2112-4116-9ABA-7B79A2BC6D1C}.Debug Singlethreaded.ActiveCfg = Debug|Win32
		{8DA687A8-2112-4116-9ABA-7B79A2BC6D1C}.Debug Singlethreaded.Build.0 = Debug|Win32
		{8DA687A8-2112-4116-9ABA-7B79A2BC6D1C}.Debug Unicode.ActiveCfg = Debug|Win32
		{8DA687A8-2112-4116-9ABA-7B79A2BC6D1C}.Debug Unicode.Build.0 = Debug|Win32
		{8DA687A8-2112-4116-9ABA-7B79A2BC6D1C}.Debug Unicode DLL.ActiveCfg = Debug|Win32
		{8DA687A8-2112-4116-9ABA-7B79A2BC6D1C}.Debug Unicode DLL.Build.0 = Debug|Win32
		{8DA687A8-2112-4116-9ABA-7B79A2BC6D1C}.Release.ActiveCfg = Release|Win32
		{8DA687A8-2112-4116-9ABA-7B79A2BC6D1C}.Release.Build.0 = Release|Win32
		{8DA687A8-2112-4116-9ABA-7B79A2BC6D1C}.Release DLL.ActiveCfg = Release|Win32
		{8DA687A8-2112-4116-9ABA-7B79A2BC6D1C}.Release DLL.Build.0 = Release|Win32
		{8DA687A8-2112-4116-9ABA-7B79A2BC6D1C}.Release Multithreaded.ActiveCfg = Release|Win32
		{8DA687A8-2112-4116-9ABA-7B79A2BC6D1C}.Release Multithreaded.Build.0 = Release|Win32
		{8DA687A8-2112-4116-9ABA-7B79A2BC6D1C}.Release Singlethreaded.ActiveCfg = Release|Win32
		{8DA687A8-2112-4116-9ABA-7B79A2BC6D1C}.Release Singlethreaded.Build.0 = Release|Win32
		{8DA687A8-2112-4116-9ABA-7B79A2BC6D1C}.Release Unicode.ActiveCfg = Release|Win32
		{8DA687A8-2112-4116-9ABA-7B79A2BC6D1C}.Release Unicode.Build.0 = Release|Win32
		{8DA687A8-2112-4116-9ABA-7B79A2BC6D1C}.Release Unicode DLL.ActiveCfg = Release|Win32
		{8DA687A8-2112-4116-9ABA-7B79A2BC6D1C}.Release Unicode DLL.Build.0 = Release|Win32
		{EEC54D26-1485-4520-8FFB-DB53BCA8D1E6}.Debug.ActiveCfg = Debug|Win32
		{EEC54D26-1485-4520-8FFB-DB53BCA8D1E6}.Debug.Build.0 = Debug|Win32
		{EEC54D26-1485-4520-8FFB-DB53BCA8D1E6}.Debug DLL.ActiveCfg = Debug|Win32
		{EEC54D26-1485-4520-8FFB-DB53BCA8D1E6}.Debug DLL.Build.0 = Debug|Win32
		{EEC54D26-1485-4520-8FFB-DB53BCA8D1E6}.Debug Multithreaded.ActiveCfg = Debug|Win32
		{EEC54D26-1485-4520-8FFB-DB53BCA8D1E6}.Debug Multithreaded.Build.0 = Debug|Win32
		{EEC54D26-1485-4520-8FFB-DB53BCA8D1E6}.Debug Singlethreaded.ActiveCfg = Debug|Win32
		{EEC54D26-1485-4520-8FFB-DB53BCA8D1E6}.Debug Singlethreaded.Build.0 = Debug|Win32
		{EEC54D26-1485-4520-8FFB-DB53BCA8D1E6}.Debug Unicode.ActiveCfg = Debug|Win32
		{EEC54D26-1485-4520-8FFB-DB53BCA8D1E6}.Debug Unicode.Build.0 = Debug|Win32
		{EEC54D26-1485-4520-8FFB-DB53BCA8D1E6}.Debug Unicode DLL.ActiveCfg = Debug|Win32
		{EEC54D26-1485-4520-8FFB-DB53BCA8D1E6}.Debug Unicode DLL.Build.0 = Debug|Win32
		{EEC54D26-1485-4520-8FFB-DB53BCA8D1E6}.Release.ActiveCfg = Release|Win32
		{EEC54D26-1485-4520-8FFB-DB53BCA8D1E6}.Release.Build.0 = Release|Win32
		{EEC54D26-1485-4520-8FFB-DB53BCA8D1E6}.Release DLL.ActiveCfg = Release|Win32
		{EEC54D26-1485-4520-8FFB-DB53BCA8D1E6}.Release DLL.Build.0 = Release|Win32
		{EEC54D26-1485-4520-8FFB-DB53BCA8D1E6}.Release Multithreaded.ActiveCfg = Release|Win32
		{EEC54D26-1485-4520-8FFB-DB53BCA8D1E6}.Release Multithreaded.Build.0 = Release|Win32
		{EEC54D26-1485-4520-8FFB-DB53BCA8D1E6}.Release Singlethreaded.ActiveCfg = Release|Win32
		{EEC54D26-1485-4520-8FFB-DB53BCA8D1E6}.Release Singlethreaded.Build.0 = Release|Win32
		{EEC54D26-1485-4520-8FFB-DB53BCA8D1E6}.Release Unicode.ActiveCfg = Release|Win32
		{EEC54D26-1485-4520-8FFB-DB53BCA8D1E6}.Release Unicode.Build.0 = Release|Win32
		{EEC54D26-1485-4520-8FFB-DB53BCA8D1E6}.Release Unicode DLL.ActiveCfg = Release|Win32
		{EEC54D26-1485-4520-8FFB-DB53BCA8D1E6}.Release Unicode DLL.Build.0 = Release|Win32
		{167D8742-C61D-4EE8-A8F6-70E13E2329EA}.Debug.ActiveCfg = Debug|Win32
		{167D8742-C61D-4EE8-A8F6-70E13E2329EA}.Debug.Build.0 = Debug|Win32
		{167D8742-C61D-4EE8-A8F6-70E13E2329EA}.Debug DLL.ActiveCfg = Debug DLL|Win32
		{167D8742-C61D-4EE8-A8F6-70E13E2329EA}.Debug DLL.Build.0 = Debug DLL|Win32
		{167D8742-C61D-4EE8-A8F6-70E13E2329EA}.Debug Multithreaded.ActiveCfg = Debug DLL|Win32
		{167D8742-C61D-4EE8-A8F6-70E13E2329EA}.Debug Multithreaded.Build.0 = Debug DLL|Win32
		{167D8742-C61D-4EE8-A8F6-70E13E2329EA}.Debug Singlethreaded.ActiveCfg = Debug DLL|Win32
		{167D8742-C61D-4EE8-A8F6-70E13E2329EA}.Debug Singlethreaded.Build.0 = Debug DLL|Win32
		{167D8742-C61D-4EE8-A8F6-70E13E2329EA}.Debug Unicode.ActiveCfg = Debug DLL|Win32
		{167D8742-C61D-4EE8-A8F6-70E13E2329EA}.Debug Unicode.Build.0 = Debug DLL|Win32
		{167D8742-C61D-4EE8-A8F6-70E13E2329EA}.Debug Unicode DLL.ActiveCfg = Debug DLL|Win32
		{167D8742-C61D-4EE8-A8F6-70E13E2329EA}.Debug Unicode DLL.Build.0 = Debug DLL|Win32
		{167D8742-C61D-4EE8-A8F6-70E13E2329EA}.Release.ActiveCfg = Release|Win32
		{167D8742-C61D-4EE8-A8F6-70E13E2329EA}.Release.Build.0 = Release|Win32
		{167D8742-C61D-4EE8-A8F6-70E13E2329EA}.Release DLL.ActiveCfg = Release DLL|Win32
		{167D8742-C61D-4EE8-A8F6-70E13E2329EA}.Release DLL.Build.0 = Release DLL|Win32
		{167D8742-C61D-4EE8-A8F6-70E13E2329EA}.Release Multithreaded.ActiveCfg = Release|Win32
		{167D8742-C61D-4EE8-A8F6-70E13E2329EA}.Release Multithreaded.Build.0 = Release|Win32
		{167D8742-C61D-4EE8-A8F6-70E13E2329EA}.Release Singlethreaded.ActiveCfg = Release|Win32
		{167D8742-C61D-4EE8-A8F6-70E13E2329EA}.Release Singlethreaded.Build.0 = Release|Win32
		{167D8742-C61D-4EE8-A8F6-70E13E2329EA}.Release Unicode.ActiveCfg = Release|Win32
		{167D8742-C61D-4EE8-A8F6-70E13E2329EA}.Release Unicode.Build.0 = Release|Win32
		{167D8742-C61D-4EE8-A8F6-70E13E2329EA}.Release Unicode DLL.ActiveCfg = Release|Win32
		{167D8742-C61D-4EE8-A8F6-70E13E2329EA}.Release Unicode DLL.Build.0 = Release|Win32
		{1C2E0562-ADD8-482F-8B23-804AF3E5D8A6}.Debug.ActiveCfg = Debug|Win32
		{1C2E0562-ADD8-482F-8B23-804AF3E5D8A6}.Debug.Build.0 = Debug|Win32
		{1C2E0562-ADD8-482F-8B23-804AF3E5D8A6}.Debug DLL.ActiveCfg = Debug|Win32
		{1C2E0562-ADD8-482F-8B23-804AF3E5D8A6}.Debug DLL.Build.0 = Debug|Win32
		{1C2E0562-ADD8-482F-8B23-804AF3E5D8A6}.Debug Multithreaded.ActiveCfg = Debug|Win32
		{1C2E0562-ADD8-482F-8B23-804AF3E5D8A6}.Debug Multithreaded.Build.0 = Debug|Win32
		{1C2E0562-ADD8-482F-8B23-804AF3E5D8A6}.Debug Singlethreaded.ActiveCfg = Debug|Win32
		{1C2E0562-ADD8-482F-8B23-804AF3E5D8A6}.Debug Singlethreaded.Build.0 = Debug|Win32
		{1C2E0562-ADD8-482F-8B23-804AF3E5D8A6}.Debug Unicode.ActiveCfg = Debug|Win32
		{1C2E0562-ADD8-482F-8B23-804AF3E5D8A6}.Debug Unicode.Build.0 = Debug|Win32
		{1C2E0562-ADD8-482F-8B23-804AF3E5D8A6}.Debug Unicode DLL.ActiveCfg = Debug|Win32
		{1C2E0562-ADD8-482F-8B23-804AF3E5D8A6}.Debug Unicode DLL.Build.0 = Debug|Win32
		{1C2E0562-ADD8-482F-8B23-804AF3E5D8A6}.Release.ActiveCfg = Release|Win32
		{1C2E0562-ADD8-482F-8B23-804AF3E5D8A6}.Release.Build.0 = Release|Win32
		{1C2E0562-ADD8-482F-8B23-804AF3E5D8A6}.Release DLL.ActiveCfg = Release|Win32
		{1C2E0562-ADD8-482F-8B23-804AF3E5D8A6}.Release DLL.Build.0 = Release|Win32
		{1C2E0562-ADD8-482F-8B23-804AF3E5D8A6}.Release Multithreaded.ActiveCfg = Release|Win32
		{1C2E0562-ADD8-482F-8B23-804AF3E5D8A6}.Release Multithreaded.Build.0 = Release|Win32
		{1C2E0562-ADD8-482F-8B23-804AF3E5D8A6}.Release Singlethreaded.ActiveCfg = Release|Win32
		{1C2E0562-ADD8-482F-8B23-804AF3E5D8A6}.Release Singlethreaded.Build.0 = Release|Win32
		{1C2E0562-ADD8-482F-8B23-804AF3E5D8A6}.Release Unicode.ActiveCfg = Release|Win32
		{1C2E0562-ADD8-482F-8B23-804AF3E5D8A6}.Release Unicode.Build.0 = Release|Win32
		{1C2E0562-ADD8-482F-8B23-804AF3E5D8A6}.Release Unicode DLL.ActiveCfg = Release|Win32
		{1C2E0562-ADD8-482F-8B23-804AF3E5D8A6}.Release Unicode DLL.Build.0 = Release|Win32
		{A8F77DD7-CB7D-4277-B1DA-F2BF54B6CF18}.Debug.ActiveCfg = Debug|Win32
		{A8F77DD7-CB7D-4277-B1DA-F2BF54B6CF18}.Debug.Build.0 = Debug|Win32
		{A8F77DD7-CB7D-4277-B1DA-F2BF54B6CF18}.Debug DLL.ActiveCfg = Debug|Win32
		{A8F77DD7-CB7D-4277-B1DA-F2BF54B6CF18}.Debug DLL.Build.0 = Debug|Win32
		{A8F77DD7-CB7D-4277-B1DA-F2BF54B6CF18}.Debug Multithreaded.ActiveCfg = Debug|Win32
		{A8F77DD7-CB7D-4277-B1DA-F2BF54B6CF18}.Debug Multithreaded.Build.0 = Debug|Win32
		{A8F77DD7-CB7D-4277-B1DA-F2BF54B6CF18}.Debug Singlethreaded.ActiveCfg = Debug|Win32
		{A8F77DD7-CB7D-4277-B1DA-F2BF54B6CF18}.Debug Singlethreaded.Build.0 = Debug|Win32
		{A8F77DD7-CB7D-4277-B1DA-F2BF54B6CF18}.Debug Unicode.ActiveCfg = Debug|Win32
		{A8F77DD7-CB7D-4277-B1DA-F2BF54B6CF18}.Debug Unicode.Build.0 = Debug|Win32
		{A8F77DD7-CB7D-4277-B1DA-F2BF54B6CF18}.Debug Unicode DLL.ActiveCfg = Debug|Win32
		{A8F77DD7-CB7D-4277-B1DA-F2BF54B6CF18}.Debug Unicode DLL.Build.0 = Debug|Win32
		{A8F77DD7-CB7D-4277-B1DA-F2BF54B6CF18}.Release.ActiveCfg = Release|Win32
		{A8F77DD7-CB7D-4277-B1DA-F2BF54B6CF18}.Release.Build.0 = Release|Win32
		{A8F77DD7-CB7D-4277-B1DA-F2BF54B6CF18}.Release DLL.ActiveCfg = Release|Win32
		{A8F77DD7-CB7D-4277-B1DA-F2BF54B6CF18}.Release DLL.Build.0 = Release|Win32
		{A8F77DD7-CB7D-4277-B1DA-F2BF54B6CF18}.Release Multithreaded.ActiveCfg = Release|Win32
		{A8F77DD7-CB7D-4277-B1DA-F2BF54B6CF18}.Release Multithreaded.Build.0 = Release|Win32
		{A8F77DD7-CB7D-4277-B1DA-F2BF54B6CF18}.Release Singlethreaded.ActiveCfg = Release|Win32
		{A8F77DD7-CB7D-4277-B1DA-F2BF54B6CF18}.Release Singlethreaded.Build.0 = Release|Win32
		{A8F77DD7-CB7D-4277-B1DA-F2BF54B6CF18}.Release Unicode.ActiveCfg = Release|Win32
		{A8F77DD7-CB7D-4277-B1DA-F2BF54B6CF18}.Release Unicode.Build.0 = Release|Win32
		{A8F77DD7-CB7D-4277-B1DA-F2BF54B6CF18}.Release Unicode DLL.ActiveCfg = Release|Win32
		{A8F77DD7-CB7D-4277-B1DA-F2BF54B6CF18}.Release Unicode DLL.Build.0 = Release|Win32
		{EA08BA49-0849-4CF6-8D4B-090AC856CBE6}.Debug.ActiveCfg = Debug|Win32
		{EA08BA49-0849-4CF6-8D4B-090AC856CBE6}.Debug.Build.0 = Debug|Win32
		{EA08BA49-0849-4CF6-8D4B-090AC856CBE6}.Debug DLL.ActiveCfg = Debug|Win32
		{EA08BA49-0849-4CF6-8D4B-090AC856CBE6}.Debug DLL.Build.0 = Debug|Win32
		{EA08BA49-0849-4CF6-8D4B-090AC856CBE6}.Debug Multithreaded.ActiveCfg = Debug|Win32
		{EA08BA49-0849-4CF6-8D4B-090AC856CBE6}.Debug Multithreaded.Build.0 = Debug|Win32
		{EA08BA49-0849-4CF6-8D4B-090AC856CBE6}.Debug Singlethreaded.ActiveCfg = Debug|Win32
		{EA08BA49-0849-4CF6-8D4B-090AC856CBE6}.Debug Singlethreaded.Build.0 = Debug|Win32
		{EA08BA49-0849-4CF6-8D4B-090AC856CBE6}.Debug Unicode.ActiveCfg = Debug|Win32
		{EA08BA49-0849-4CF6-8D4B-090AC856CBE6}.Debug Unicode.Build.0 = Debug|Win32
		{EA08BA49-0849-4CF6-8D4B-090AC856CBE6}.Debug Unicode DLL.ActiveCfg = Debug|Win32
		{EA08BA49-0849-4CF6-8D4B-090AC856CBE6}.Debug Unicode DLL.Build.0 = Debug|Win32
		{EA08BA49-0849-4CF6-8D4B-090AC856CBE6}.Release.ActiveCfg = Release|Win32
		{EA08BA49-0849-4CF6-8D4B-090AC856CBE6}.Release.Build.0 = Release|Win32
		{EA08BA49-0849-4CF6-8D4B-090AC856CBE6}.Release DLL.ActiveCfg = Release|Win32
		{EA08BA49-0849-4CF6-8D4B-090AC856CBE6}.Release DLL.Build.0 = Release|Win32
		{EA08BA49-0849-4CF6-8D4B-090AC856CBE6}.Release Multithreaded.ActiveCfg = Release|Win32
		{EA08BA49-0849-4CF6-8D4B-090AC856CBE6}.Release Multithreaded.Build.0 = Release|Win32
		{EA08BA49-0849-4CF6-8D4B-090AC856CBE6}.Release Singlethreaded.ActiveCfg = Release|Win32
		{EA08BA49-0849-4CF6-8D4B-090AC856CBE6}.Release Singlethreaded.Build.0 = Release|Win32
		{EA08BA49-0849-4CF6-8D4B-090AC856CBE6}.Release Unicode.ActiveCfg = Release|Win32
		{EA08BA49-0849-4CF6-8D4B-090AC856CBE6}.Release Unicode.Build.0 = Release|Win32
		{EA08BA49-0849-4CF6-8D4B-090AC856CBE6}.Release Unicode DLL.ActiveCfg = Release|Win32
		{EA08BA49-0849-4CF6-8D4B-090AC856CBE6}.Release Unicode DLL.Build.0 = Release|Win32
		{DD7850AD-CC81-4747-84A9-3BEC75D37549}.Debug.ActiveCfg = Debug|Win32
		{DD7850AD-CC81-4747-84A9-3BEC75D37549}.Debug.Build.0 = Debug|Win32
		{DD7850AD-CC81-4747-84A9-3BEC75D37549}.Debug DLL.ActiveCfg = Debug DLL|Win32
		{DD7850AD-CC81-4747-84A9-3BEC75D37549}.Debug DLL.Build.0 = Debug DLL|Win32
		{DD7850AD-CC81-4747-84A9-3BEC75D37549}.Debug Multithreaded.ActiveCfg = Debug|Win32
		{DD7850AD-CC81-4747-84A9-3BEC75D37549}.Debug Multithreaded.Build.0 = Debug|Win32
		{DD7850AD-CC81-4747-84A9-3BEC75D37549}.Debug Singlethreaded.ActiveCfg = Debug|Win32
		{DD7850AD-CC81-4747-84A9-3BEC75D37549}.Debug Singlethreaded.Build.0 = Debug|Win32
		{DD7850AD-CC81-4747-84A9-3BEC75D37549}.Debug Unicode.ActiveCfg = Debug|Win32
		{DD7850AD-CC81-4747-84A9-3BEC75D37549}.Debug Unicode.Build.0 = Debug|Win32
		{DD7850AD-CC81-4747-84A9-3BEC75D37549}.Debug Unicode DLL.ActiveCfg = Debug|Win32
		{DD7850AD-CC81-4747-84A9-3BEC75D37549}.Debug Unicode DLL.Build.0 = Debug|Win32
		{DD7850AD-CC81-4747-84A9-3BEC75D37549}.Release.ActiveCfg = Release|Win32
		{DD7850AD-CC81-4747-84A9-3BEC75D37549}.Release.Build.0 = Release|Win32
		{DD7850AD-CC81-4747-84A9-3BEC75D37549}.Release DLL.ActiveCfg = Release DLL|Win32
		{DD7850AD-CC81-4747-84A9-3BEC75D37549}.Release DLL.Build.0 = Release DLL|Win32
		{DD7850AD-CC81-4747-84A9-3BEC75D37549}.Release Multithreaded.ActiveCfg = Release|Win32
		{DD7850AD-CC81-4747-84A9-3BEC75D37549}.Release Multithreaded.Build.0 = Release|Win32
		{DD7850AD-CC81-4747-84A9-3BEC75D37549}.Release Singlethreaded.ActiveCfg = Release|Win32
		{DD7850AD-CC81-4747-84A9-3BEC75D37549}.Release Singlethreaded.Build.0 = Release|Win32
		{DD7850AD-CC81-4747-84A9-3BEC75D37549}.Release Unicode.ActiveCfg = Release|Win32
		{DD7850AD-CC81-4747-84A9-3BEC75D37549}.Release Unicode.Build.0 = Release|Win32
		{DD7850AD-CC81-4747-84A9-3BEC75D37549}.Release Unicode DLL.ActiveCfg = Release|Win32
		{DD7850AD-CC81-4747-84A9-3BEC75D37549}.Release Unicode DLL.Build.0 = Release|Win32
		{96606A8A-AB00-4DA9-8AF3-BAD7F8AF4406}.Debug.ActiveCfg = Debug|Win32
		{96606A8A-AB00-4DA9-8AF3-BAD7F8AF4406}.Debug.Build.0 = Debug|Win32
		{96606A8A-AB00-4DA9-8AF3-BAD7F8AF4406}.Debug DLL.ActiveCfg = Debug DLL|Win32
		{96606A8A-AB00-4DA9-8AF3-BAD7F8AF4406}.Debug DLL.Build.0 = Debug DLL|Win32
		{96606A8A-AB00-4DA9-8AF3-BAD7F8AF4406}.Debug Multithreaded.ActiveCfg = Debug|Win32
		{96606A8A-AB00-4DA9-8AF3-BAD7F8AF4406}.Debug Multithreaded.Build.0 = Debug|Win32
		{96606A8A-AB00-4DA9-8AF3-BAD7F8AF4406}.Debug Singlethreaded.ActiveCfg = Debug|Win32
		{96606A8A-AB00-4DA9-8AF3-BAD7F8AF4406}.Debug Singlethreaded.Build.0 = Debug|Win32
		{96606A8A-AB00-4DA9-8AF3-BAD7F8AF4406}.Debug Unicode.ActiveCfg = Debug|Win32
		{96606A8A-AB00-4DA9-8AF3-BAD7F8AF4406}.Debug Unicode.Build.0 = Debug|Win32
		{96606A8A-AB00-4DA9-8AF3-BAD7F8AF4406}.Debug Unicode DLL.ActiveCfg = Debug|Win32
		{96606A8A-AB00-4DA9-8AF3-BAD7F8AF4406}.Debug Unicode DLL.Build.0 = Debug|Win32
		{96606A8A-AB00-4DA9-8AF3-BAD7F8AF4406}.Release.ActiveCfg = Release|Win32
		{96606A8A-AB00-4DA9-8AF3-BAD7F8AF4406}.Release.Build.0 = Release|Win32
		{96606A8A-AB00-4DA9-8AF3-BAD7F8AF4406}.Release DLL.ActiveCfg = Release DLL|Win32
		{96606A8A-AB00-4DA9-8AF3-BAD7F8AF4406}.Release DLL.Build.0 = Release DLL|Win32
		{96606A8A-AB00-4DA9-8AF3-BAD7F8AF4406}.Release Multithreaded.ActiveCfg = Release DLL|Win32
		{96606A8A-AB00-4DA9-8AF3-BAD7F8AF4406}.Release Multithreaded.Build.0 = Release DLL|Win32
		{96606A8A-AB00-4DA9-8AF3-BAD7F8AF4406}.Release Singlethreaded.ActiveCfg = Release DLL|Win32
		{96606A8A-AB00-4DA9-8AF3-BAD7F8AF4406}.Release Singlethreaded.Build.0 = Release DLL|Win32
		{96606A8A-AB00-4DA9-8AF3-BAD7F8AF4406}.Release Unicode.ActiveCfg = Release DLL|Win32
		{96606A8A-AB00-4DA9-8AF3-BAD7F8AF4406}.Release Unicode.Build.0 = Release DLL|Win32
		{96606A8A-AB00-4DA9-8AF3-BAD7F8AF4406}.Release Unicode DLL.ActiveCfg = Release DLL|Win32
		{96606A8A-AB00-4DA9-8AF3-BAD7F8AF4406}.Release Unicode DLL.Build.0 = Release DLL|Win32
		{48CC4338-E063-45F8-B133-7D6251F19020}.Debug.ActiveCfg = Debug|Win32
		{48CC4338-E063-45F8-B133-7D6251F19020}.Debug.Build.0 = Debug|Win32
		{48CC4338-E063-45F8-B133-7D6251F19020}.Debug DLL.ActiveCfg = Debug DLL|Win32
		{48CC4338-E063-45F8-B133-7D6251F19020}.Debug DLL.Build.0 = Debug DLL|Win32
		{48CC4338-E063-45F8-B133-7D6251F19020}.Debug Multithreaded.ActiveCfg = Debug Unicode|Win32
		{48CC4338-E063-45F8-B133-7D6251F19020}.Debug Multithreaded.Build.0 = Debug Unicode|Win32
		{48CC4338-E063-45F8-B133-7D6251F19020}.Debug Singlethreaded.ActiveCfg = Debug Unicode|Win32
		{48CC4338-E063-45F8-B133-7D6251F19020}.Debug Singlethreaded.Build.0 = Debug Unicode|Win32
		{48CC4338-E063-45F8-B133-7D6251F19020}.Debug Unicode.ActiveCfg = Debug Unicode|Win32
		{48CC4338-E063-45F8-B133-7D6251F19020}.Debug Unicode.Build.0 = Debug Unicode|Win32
		{48CC4338-E063-45F8-B133-7D6251F19020}.Debug Unicode DLL.ActiveCfg = Debug Unicode DLL|Win32
		{48CC4338-E063-45F8-B133-7D6251F19020}.Debug Unicode DLL.Build.0 = Debug Unicode DLL|Win32
		{48CC4338-E063-45F8-B133-7D6251F19020}.Release.ActiveCfg = Release|Win32
		{48CC4338-E063-45F8-B133-7D6251F19020}.Release.Build.0 = Release|Win32
		{48CC4338-E063-45F8-B133-7D6251F19020}.Release DLL.ActiveCfg = Release DLL|Win32
		{48CC4338-E063-45F8-B133-7D6251F19020}.Release DLL.Build.0 = Release DLL|Win32
		{48CC4338-E063-45F8-B133-7D6251F19020}.Release Multithreaded.ActiveCfg = Release Unicode|Win32
		{48CC4338-E063-45F8-B133-7D6251F19020}.Release Multithreaded.Build.0 = Release Unicode|Win32
		{48CC4338-E063-45F8-B133-7D6251F19020}.Release Singlethreaded.ActiveCfg = Release Unicode|Win32
		{48CC4338-E063-45F8-B133-7D6251F19020}.Release Singlethreaded.Build.0 = Release Unicode|Win32
		{48CC4338-E063-45F8-B133-7D6251F19020}.Release Unicode.ActiveCfg = Release Unicode|Win32
		{48CC4338-E063-45F8-B133-7D6251F19020}.Release Unicode.Build.0 = Release Unicode|Win32
		{48CC4338-E063-45F8-B133-7D6251F19020}.Release Unicode DLL.ActiveCfg = Release Unicode DLL|Win32
		{48CC4338-E063-45F8-B133-7D6251F19020}.Release Unicode DLL.Build.0 = Release Unicode DLL|Win32
		{53B766CA-02AF-473F-A676-1973A8C0F734}.Debug.ActiveCfg = Debug|Win32
		{53B766CA-02AF-473F-A676-1973A8C0F734}.Debug.Build.0 = Debug|Win32
		{53B766CA-02AF-473F-A676-1973A8C0F734}.Debug DLL.ActiveCfg = Debug|Win32
		{53B766CA-02AF-473F-A676-1973A8C0F734}.Debug DLL.Build.0 = Debug|Win32
		{53B766CA-02AF-473F-A676-1973A8C0F734}.Debug Multithreaded.ActiveCfg = Debug|Win32
		{53B766CA-02AF-473F-A676-1973A8C0F734}.Debug Multithreaded.Build.0 = Debug|Win32
		{53B766CA-02AF-473F-A676-1973A8C0F734}.Debug Singlethreaded.ActiveCfg = Debug|Win32
		{53B766CA-02AF-473F-A676-1973A8C0F734}.Debug Singlethreaded.Build.0 = Debug|Win32
		{53B766CA-02AF-473F-A676-1973A8C0F734}.Debug Unicode.ActiveCfg = Debug|Win32
		{53B766CA-02AF-473F-A676-1973A8C0F734}.Debug Unicode.Build.0 = Debug|Win32
		{53B766CA-02AF-473F-A676-1973A8C0F734}.Debug Unicode DLL.ActiveCfg = Debug|Win32
		{53B766CA-02AF-473F-A676-1973A8C0F734}.Debug Unicode DLL.Build.0 = Debug|Win32
		{53B766CA-02AF-473F-A676-1973A8C0F734}.Release.ActiveCfg = Release|Win32
		{53B766CA-02AF-473F-A676-1973A8C0F734}.Release.Build.0 = Release|Win32
		{53B766CA-02AF-473F-A676-1973A8C0F734}.Release DLL.ActiveCfg = Release|Win32
		{53B766CA-02AF-473F-A676-1973A8C0F734}.Release DLL.Build.0 = Release|Win32
		{53B766CA-02AF-473F-A676-1973A8C0F734}.Release Multithreaded.ActiveCfg = Release|Win32
		{53B766CA-02AF-473F-A676-1973A8C0F734}.Release Multithreaded.Build.0 = Release|Win32
		{53B766CA-02AF-473F-A676-1973A8C0F734}.Release Singlethreaded.ActiveCfg = Release|Win32
		{53B766CA-02AF-473F-A676-1973A8C0F734}.Release Singlethreaded.Build.0 = Release|Win32
		{53B766CA-02AF-473F-A676-1973A8C0F734}.Release Unicode.ActiveCfg = Release|Win32
		{53B766CA-02AF-473F-A676-1973A8C0F734}.Release Unicode.Build.0 = Release|Win32
		{53B766CA-02AF-473F-A676-1973A8C0F734}.Release Unicode DLL.ActiveCfg = Release|Win32
		{53B766CA-02AF-473F-A676-1973A8C0F734}.Release Unicode DLL.Build.0 = Release|Win32
		{771E4828-B1C4-42DA-AEF8-B620613BA551}.Debug.ActiveCfg = Debug|Win32
		{771E4828-B1C4-42DA-AEF8-B620613BA551}.Debug.Build.0 = Debug|Win32
		{771E4828-B1C4-42DA-AEF8-B620613BA551}.Debug DLL.ActiveCfg = Debug|Win32
		{771E4828-B1C4-42DA-AEF8-B620613BA551}.Debug DLL.Build.0 = Debug|Win32
		{771E4828-B1C4-42DA-AEF8-B620613BA551}.Debug Multithreaded.ActiveCfg = Debug|Win32
		{771E4828-B1C4-42DA-AEF8-B620613BA551}.Debug Multithreaded.Build.0 = Debug|Win32
		{771E4828-B1C4-42DA-AEF8-B620613BA551}.Debug Singlethreaded.ActiveCfg = Debug|Win32
		{771E4828-B1C4-42DA-AEF8-B620613BA551}.Debug Singlethreaded.Build.0 = Debug|Win32
		{771E4828-B1C4-42DA-AEF8-B620613BA551}.Debug Unicode.ActiveCfg = Debug|Win32
		{771E4828-B1C4-42DA-AEF8-B620613BA551}.Debug Unicode.Build.0 = Debug|Win32
		{771E4828-B1C4-42DA-AEF8-B620613BA551}.Debug Unicode DLL.ActiveCfg = Debug|Win32
		{771E4828-B1C4-42DA-AEF8-B620613BA551}.Debug Unicode DLL.Build.0 = Debug|Win32
		{771E4828-B1C4-42DA-AEF8-B620613BA551}.Release.ActiveCfg = Release|Win32
		{771E4828-B1C4-42DA-AEF8-B620613BA551}.Release.Build.0 = Release|Win32
		{771E4828-B1C4-42DA-AEF8-B620613BA551}.Release DLL.ActiveCfg = Release|Win32
		{771E4828-B1C4-42DA-AEF8-B620613BA551}.Release DLL.Build.0 = Release|Win32
		{771E4828-B1C4-42DA-AEF8-B620613BA551}.Release Multithreaded.ActiveCfg = Release|Win32
		{771E4828-B1C4-42DA-AEF8-B620613BA551}.Release Multithreaded.Build.0 = Release|Win32
		{771E4828-B1C4-42DA-AEF8-B620613BA551}.Release Singlethreaded.ActiveCfg = Release|Win32
		{771E4828-B1C4-42DA-AEF8-B620613BA551}.Release Singlethreaded.Build.0 = Release|Win32
		{771E4828-B1C4-42DA-AEF8-B620613BA551}.Release Unicode.ActiveCfg = Release|Win32
		{771E4828-B1C4-42DA-AEF8-B620613BA551}.Release Unicode.Build.0 = Release|Win32
		{771E4828-B1C4-42DA-AEF8-B620613BA551}.Release Unicode DLL.ActiveCfg = Release|Win32
		{771E4828-B1C4-42DA-AEF8-B620613BA551}.Release Unicode DLL.Build.0 = Release|Win32
		{D94AD255-E3BD-4939-A0E6-F29FE3C41E97}.Debug.ActiveCfg = Debug|Win32
		{D94AD255-E3BD-4939-A0E6-F29FE3C41E97}.Debug.Build.0 = Debug|Win32
		{D94AD255-E3BD-4939-A0E6-F29FE3C41E97}.Debug DLL.ActiveCfg = Debug|Win32
		{D94AD255-E3BD-4939-A0E6-F29FE3C41E97}.Debug DLL.Build.0 = Debug|Win32
		{D94AD255-E3BD-4939-A0E6-F29FE3C41E97}.Debug Multithreaded.ActiveCfg = Debug|Win32
		{D94AD255-E3BD-4939-A0E6-F29FE3C41E97}.Debug Multithreaded.Build.0 = Debug|Win32
		{D94AD255-E3BD-4939-A0E6-F29FE3C41E97}.Debug Singlethreaded.ActiveCfg = Debug|Win32
		{D94AD255-E3BD-4939-A0E6-F29FE3C41E97}.Debug Singlethreaded.Build.0 = Debug|Win32
		{D94AD255-E3BD-4939-A0E6-F29FE3C41E97}.Debug Unicode.ActiveCfg = Debug|Win32
		{D94AD255-E3BD-4939-A0E6-F29FE3C41E97}.Debug Unicode.Build.0 = Debug|Win32
		{D94AD255-E3BD-4939-A0E6-F29FE3C41E97}.Debug Unicode DLL.ActiveCfg = Debug|Win32
		{D94AD255-E3BD-4939-A0E6-F29FE3C41E97}.Debug Unicode DLL.Build.0 = Debug|Win32
		{D94AD255-E3BD-4939-A0E6-F29FE3C41E97}.Release.ActiveCfg = Release|Win32
		{D94AD255-E3BD-4939-A0E6-F29FE3C41E97}.Release.Build.0 = Release|Win32
		{D94AD255-E3BD-4939-A0E6-F29FE3C41E97}.Release DLL.ActiveCfg = Release|Win32
		{D94AD255-E3BD-4939-A0E6-F29FE3C41E97}.Release DLL.Build.0 = Release|Win32
		{D94AD255-E3BD-4939-A0E6-F29FE3C41E97}.Release Multithreaded.ActiveCfg = Release|Win32
		{D94AD255-E3BD-4939-A0E6-F29FE3C41E97}.Release Multithreaded.Build.0 = Release|Win32
		{D94AD255-E3BD-4939-A0E6-F29FE3C41E97}.Release Singlethreaded.ActiveCfg = Release|Win32
		{D94AD255-E3BD-4939-A0E6-F29FE3C41E97}.Release Singlethreaded.Build.0 = Release|Win32
		{D94AD255-E3BD-4939-A0E6-F29FE3C41E97}.Release Unicode.ActiveCfg = Release|Win32
		{D94AD255-E3BD-4939-A0E6-F29FE3C41E97}.Release Unicode.Build.0 = Release|Win32
		{D94AD255-E3BD-4939-A0E6-F29FE3C41E97}.Release Unicode DLL.ActiveCfg = Release|Win32
		{D94AD255-E3BD-4939-A0E6-F29FE3C41E97}.Release Unicode DLL.Build.0 = Release|Win32
		{6EC27AA4-3A38-4219-B410-7A057DC8340A}.Debug.ActiveCfg = Debug|Win32
		{6EC27AA4-3A38-4219-B410-7A057DC8340A}.Debug.Build.0 = Debug|Win32
		{6EC27AA4-3A38-4219-B410-7A057DC8340A}.Debug DLL.ActiveCfg = Debug|Win32
		{6EC27AA4-3A38-4219-B410-7A057DC8340A}.Debug DLL.Build.0 = Debug|Win32
		{6EC27AA4-3A38-4219-B410-7A057DC8340A}.Debug Multithreaded.ActiveCfg = Debug|Win32
		{6EC27AA4-3A38-4219-B410-7A057DC8340A}.Debug Multithreaded.Build.0 = Debug|Win32
		{6EC27AA4-3A38-4219-B410-7A057DC8340A}.Debug Singlethreaded.ActiveCfg = Debug|Win32
		{6EC27AA4-3A38-4219-B410-7A057DC8340A}.Debug Singlethreaded.Build.0 = Debug|Win32
		{6EC27AA4-3A38-4219-B410-7A057DC8340A}.Debug Unicode.ActiveCfg = Debug|Win32
		{6EC27AA4-3A38-4219-B410-7A057DC8340A}.Debug Unicode.Build.0 = Debug|Win32
		{6EC27AA4-3A38-4219-B410-7A057DC8340A}.Debug Unicode DLL.ActiveCfg = Debug|Win32
		{6EC27AA4-3A38-4219-B410-7A057DC8340A}.Debug Unicode DLL.Build.0 = Debug|Win32
		{6EC27AA4-3A38-4219-B410-7A057DC8340A}.Release.ActiveCfg = Release|Win32
		{6EC27AA4-3A38-4219-B410-7A057DC8340A}.Release.Build.0 = Release|Win32
		{6EC27AA4-3A38-4219-B410-7A057DC8340A}.Release DLL.ActiveCfg = Release|Win32
		{6EC27AA4-3A38-4219-B410-7A057DC8340A}.Release DLL.Build.0 = Release|Win32
		{6EC27AA4-3A38-4219-B410-7A057DC8340A}.Release Multithreaded.ActiveCfg = Release|Win32
		{6EC27AA4-3A38-4219-B410-7A057DC8340A}.Release Multithreaded.Build.0 = Release|Win32
		{6EC27AA4-3A38-4219-B410-7A057DC8340A}.Release Singlethreaded.ActiveCfg = Release|Win32
		{6EC27AA4-3A38-4219-B410-7A057DC8340A}.Release Singlethreaded.Build.0 = Release|Win32
		{6EC27AA4-3A38-4219-B410-7A057DC8340A}.Release Unicode.ActiveCfg = Release|Win32
		{6EC27AA4-3A38-4219-B410-7A057DC8340A}.Release Unicode.Build.0 = Release|Win32
		{6EC27AA4-3A38-4219-B410-7A057DC8340A}.Release Unicode DLL.ActiveCfg = Release|Win32
		{6EC27AA4-3A38-4219-B410-7A057DC8340A}.Release Unicode DLL.Build.0 = Release|Win32
		{82E64229-D539-43EE-AD46-DEC2F16E939F}.Debug.ActiveCfg = Debug|Win32
		{82E64229-D539-43EE-AD46-DEC2F16E939F}.Debug.Build.0 = Debug|Win32
		{82E64229-D539-43EE-AD46-DEC2F16E939F}.Debug DLL.ActiveCfg = Debug|Win32
		{82E64229-D539-43EE-AD46-DEC2F16E939F}.Debug DLL.Build.0 = Debug|Win32
		{82E64229-D539-43EE-AD46-DEC2F16E939F}.Debug Multithreaded.ActiveCfg = Debug|Win32
		{82E64229-D539-43EE-AD46-DEC2F16E939F}.Debug Multithreaded.Build.0 = Debug|Win32
		{82E64229-D539-43EE-AD46-DEC2F16E939F}.Debug Singlethreaded.ActiveCfg = Debug|Win32
		{82E64229-D539-43EE-AD46-DEC2F16E939F}.Debug Singlethreaded.Build.0 = Debug|Win32
		{82E64229-D539-43EE-AD46-DEC2F16E939F}.Debug Unicode.ActiveCfg = Debug|Win32
		{82E64229-D539-43EE-AD46-DEC2F16E939F}.Debug Unicode.Build.0 = Debug|Win32
		{82E64229-D539-43EE-AD46-DEC2F16E939F}.Debug Unicode DLL.ActiveCfg = Debug|Win32
		{82E64229-D539-43EE-AD46-DEC2F16E939F}.Debug Unicode DLL.Build.0 = Debug|Win32
		{82E64229-D539-43EE-AD46-DEC2F16E939F}.Release.ActiveCfg = Release|Win32
		{82E64229-D539-43EE-AD46-DEC2F16E939F}.Release.Build.0 = Release|Win32
		{82E64229-D539-43EE-AD46-DEC2F16E939F}.Release DLL.ActiveCfg = Release|Win32
		{82E64229-D539-43EE-AD46-DEC2F16E939F}.Release DLL.Build.0 = Release|Win32
		{82E64229-D539-43EE-AD46-DEC2F16E939F}.Release Multithreaded.ActiveCfg = Release|Win32
		{82E64229-D539-43EE-AD46-DEC2F16E939F}.Release Multithreaded.Build.0 = Release|Win32
		{82E64229-D539-43EE-AD46-DEC2F16E939F}.Release Singlethreaded.ActiveCfg = Release|Win32
		{82E64229-D539-43EE-AD46-DEC2F16E939F}.Release Singlethreaded.Build.0 = Release|Win32
		{82E64229-D539-43EE-AD46-DEC2F16E939F}.Release Unicode.ActiveCfg = Release|Win32
		{82E64229-D539-43EE-AD46-DEC2F16E939F}.Release Unicode.Build.0 = Release|Win32
		{82E64229-D539-43EE-AD46-DEC2F16E939F}.Release Unicode DLL.ActiveCfg = Release|Win32
		{82E64229-D539-43EE-AD46-DEC2F16E939F}.Release Unicode DLL.Build.0 = Release|Win32
	EndGlobalSection
	GlobalSection(ExtensibilityGlobals) = postSolution
	EndGlobalSection
	GlobalSection(ExtensibilityAddIns) = postSolution
	EndGlobalSection
EndGlobal
