Microsoft Visual Studio Solution File, Format Version 7.00
Project("{8BC9CEB8-8B4A-11D0-8D11-00A0C91BC942}") = "Common", "Win32\VC\Common\Common.vcproj", "{09D9D9F2-3933-419C-ACA6-8731BF0A4686}"
EndProject
Project("{8BC9CEB8-8B4A-11D0-8D11-00A0C91BC942}") = "CommonTest", "Win32\VC\CommonTest\CommonTest.vcproj", "{637A31F3-6182-4593-8773-BE00749A6F5D}"
EndProject
Project("{8BC9CEB8-8B4A-11D0-8D11-00A0C91BC942}") = "ImlUnit", "Win32\VC\ImlUnit\ImlUnit.vcproj", "{7CDAADC7-CA80-4CC2-8A1B-3466795F694D}"
EndProject
Project("{8BC9CEB8-8B4A-11D0-8D11-00A0C91BC942}") = "XrcVC", "libs\wxWindows\contrib\src\xrc\XrcVC.vcproj", "{245C807F-AAC7-45EE-BCCC-7CCCA6060752}"
EndProject
Project("{8BC9CEB8-8B4A-11D0-8D11-00A0C91BC942}") = "freetype", "libs\freetype2\builds\win32\visualc\freetype.vcproj", "{875B56E4-DA0E-45A6-B4FA-FAB20AC69938}"
EndProject
Project("{8BC9CEB8-8B4A-11D0-8D11-00A0C91BC942}") = "libfivel_crypto", "Win32\VC\libfivel_crypto\libfivel_crypto.vcproj", "{EF75EB64-2600-468F-87FD-069CE13E03A1}"
EndProject
Project("{8BC9CEB8-8B4A-11D0-8D11-00A0C91BC942}") = "libivorbisdec", "wx\MSVC\libivorbisdec\libivorbisdec.vcproj", "{A3BAB39A-7392-4503-8327-90E965A39B1B}"
EndProject
Project("{8BC9CEB8-8B4A-11D0-8D11-00A0C91BC942}") = "libmzgc", "libs\plt\src\worksp\libmzgc\libmzgc.vcproj", "{8DA687A8-2112-4116-9ABA-7B79A2BC6D1C}"
EndProject
Project("{8BC9CEB8-8B4A-11D0-8D11-00A0C91BC942}") = "libmzsch", "libs\plt\src\worksp\libmzsch\libmzsch.vcproj", "{EEC54D26-1485-4520-8FFB-DB53BCA8D1E6}"
EndProject
Project("{8BC9CEB8-8B4A-11D0-8D11-00A0C91BC942}") = "libxml2", "libs\libxml2\win32\dsp\libxml2.vcproj", "{167D8742-C61D-4EE8-A8F6-70E13E2329EA}"
EndProject
Project("{8BC9CEB8-8B4A-11D0-8D11-00A0C91BC942}") = "portaudio", "wx\MSVC\portaudio\portaudio.vcproj", "{1C2E0562-ADD8-482F-8B23-804AF3E5D8A6}"
EndProject
Project("{8BC9CEB8-8B4A-11D0-8D11-00A0C91BC942}") = "wx5L", "wx\MSVC\wx5L\wx5L.vcproj", "{A8F77DD7-CB7D-4277-B1DA-F2BF54B6CF18}"
EndProject
Project("{8BC9CEB8-8B4A-11D0-8D11-00A0C91BC942}") = "wxIE", "WX\MSVC\wxIE\wxIE.vcproj", "{EA08BA49-0849-4CF6-8D4B-090AC856CBE6}"
EndProject
Project("{8BC9CEB8-8B4A-11D0-8D11-00A0C91BC942}") = "wxRcVC", "libs\wxWindows\contrib\utils\wxrc\wxRcVC.vcproj", "{DD7850AD-CC81-4747-84A9-3BEC75D37549}"
EndProject
Project("{8BC9CEB8-8B4A-11D0-8D11-00A0C91BC942}") = "wxq2", "libs\quake2\wxq2.vcproj", "{96606A8A-AB00-4DA9-8AF3-BAD7F8AF4406}"
EndProject
Project("{8BC9CEB8-8B4A-11D0-8D11-00A0C91BC942}") = "wxWindows", "libs\wxWindows\src\wxWindows.vcproj", "{48CC4338-E063-45F8-B133-7D6251F19020}"
EndProject
Project("{8BC9CEB8-8B4A-11D0-8D11-00A0C91BC942}") = "zlib", "libs\wxWindows\src\zlib\zlib.vcproj", "{53B766CA-02AF-473F-A676-1973A8C0F734}"
EndProject
Project("{8BC9CEB8-8B4A-11D0-8D11-00A0C91BC942}") = "tiff", "libs\wxWindows\src\tiff\tiff.vcproj", "{771E4828-B1C4-42DA-AEF8-B620613BA551}"
EndProject
Project("{8BC9CEB8-8B4A-11D0-8D11-00A0C91BC942}") = "png", "libs\wxWindows\src\png\png.vcproj", "{D94AD255-E3BD-4939-A0E6-F29FE3C41E97}"
EndProject
Project("{8BC9CEB8-8B4A-11D0-8D11-00A0C91BC942}") = "regex", "libs\wxWindows\src\regex\regex.vcproj", "{6EC27AA4-3A38-4219-B410-7A057DC8340A}"
EndProject
Project("{8BC9CEB8-8B4A-11D0-8D11-00A0C91BC942}") = "jpeg", "libs\wxWindows\src\jpeg\jpeg.vcproj", "{82E64229-D539-43EE-AD46-DEC2F16E939F}"
EndProject
Project("{8BC9CEB8-8B4A-11D0-8D11-00A0C91BC942}") = "ref_soft", "libs\quake2\ref_soft\ref_soft.vcproj", "{287CA56A-9A3D-4B58-8491-7ABAFC6A5F5C}"
EndProject
Project("{8BC9CEB8-8B4A-11D0-8D11-00A0C91BC942}") = "ref_gl", "libs\quake2\ref_gl\ref_gl.vcproj", "{616DF24D-F34F-46F9-A84F-8F7A17E0EC2A}"
EndProject
Global
	GlobalSection(SolutionConfiguration) = preSolution
		ConfigName.0 = Debug
		ConfigName.1 = Release
	EndGlobalSection
	GlobalSection(ProjectDependencies) = postSolution
		{09D9D9F2-3933-419C-ACA6-8731BF0A4686}.0 = {875B56E4-DA0E-45A6-B4FA-FAB20AC69938}
		{09D9D9F2-3933-419C-ACA6-8731BF0A4686}.1 = {EF75EB64-2600-468F-87FD-069CE13E03A1}
		{09D9D9F2-3933-419C-ACA6-8731BF0A4686}.2 = {EEC54D26-1485-4520-8FFB-DB53BCA8D1E6}
		{09D9D9F2-3933-419C-ACA6-8731BF0A4686}.3 = {167D8742-C61D-4EE8-A8F6-70E13E2329EA}
		{637A31F3-6182-4593-8773-BE00749A6F5D}.0 = {09D9D9F2-3933-419C-ACA6-8731BF0A4686}
		{637A31F3-6182-4593-8773-BE00749A6F5D}.1 = {7CDAADC7-CA80-4CC2-8A1B-3466795F694D}
		{245C807F-AAC7-45EE-BCCC-7CCCA6060752}.0 = {48CC4338-E063-45F8-B133-7D6251F19020}
		{EEC54D26-1485-4520-8FFB-DB53BCA8D1E6}.0 = {8DA687A8-2112-4116-9ABA-7B79A2BC6D1C}
		{A8F77DD7-CB7D-4277-B1DA-F2BF54B6CF18}.0 = {EA08BA49-0849-4CF6-8D4B-090AC856CBE6}
		{A8F77DD7-CB7D-4277-B1DA-F2BF54B6CF18}.1 = {48CC4338-E063-45F8-B133-7D6251F19020}
		{A8F77DD7-CB7D-4277-B1DA-F2BF54B6CF18}.2 = {09D9D9F2-3933-419C-ACA6-8731BF0A4686}
		{A8F77DD7-CB7D-4277-B1DA-F2BF54B6CF18}.3 = {637A31F3-6182-4593-8773-BE00749A6F5D}
		{A8F77DD7-CB7D-4277-B1DA-F2BF54B6CF18}.4 = {96606A8A-AB00-4DA9-8AF3-BAD7F8AF4406}
		{A8F77DD7-CB7D-4277-B1DA-F2BF54B6CF18}.5 = {245C807F-AAC7-45EE-BCCC-7CCCA6060752}
		{A8F77DD7-CB7D-4277-B1DA-F2BF54B6CF18}.6 = {DD7850AD-CC81-4747-84A9-3BEC75D37549}
		{A8F77DD7-CB7D-4277-B1DA-F2BF54B6CF18}.7 = {1C2E0562-ADD8-482F-8B23-804AF3E5D8A6}
		{A8F77DD7-CB7D-4277-B1DA-F2BF54B6CF18}.8 = {A3BAB39A-7392-4503-8327-90E965A39B1B}
		{EA08BA49-0849-4CF6-8D4B-090AC856CBE6}.0 = {48CC4338-E063-45F8-B133-7D6251F19020}
		{DD7850AD-CC81-4747-84A9-3BEC75D37549}.0 = {245C807F-AAC7-45EE-BCCC-7CCCA6060752}
		{96606A8A-AB00-4DA9-8AF3-BAD7F8AF4406}.0 = {48CC4338-E063-45F8-B133-7D6251F19020}
		{96606A8A-AB00-4DA9-8AF3-BAD7F8AF4406}.1 = {616DF24D-F34F-46F9-A84F-8F7A17E0EC2A}
		{96606A8A-AB00-4DA9-8AF3-BAD7F8AF4406}.2 = {287CA56A-9A3D-4B58-8491-7ABAFC6A5F5C}
		{48CC4338-E063-45F8-B133-7D6251F19020}.0 = {D94AD255-E3BD-4939-A0E6-F29FE3C41E97}
		{48CC4338-E063-45F8-B133-7D6251F19020}.1 = {82E64229-D539-43EE-AD46-DEC2F16E939F}
		{48CC4338-E063-45F8-B133-7D6251F19020}.2 = {53B766CA-02AF-473F-A676-1973A8C0F734}
		{48CC4338-E063-45F8-B133-7D6251F19020}.3 = {771E4828-B1C4-42DA-AEF8-B620613BA551}
		{48CC4338-E063-45F8-B133-7D6251F19020}.4 = {6EC27AA4-3A38-4219-B410-7A057DC8340A}
	EndGlobalSection
	GlobalSection(ProjectConfiguration) = postSolution
		{09D9D9F2-3933-419C-ACA6-8731BF0A4686}.Debug.ActiveCfg = Debug|Win32
		{09D9D9F2-3933-419C-ACA6-8731BF0A4686}.Debug.Build.0 = Debug|Win32
		{09D9D9F2-3933-419C-ACA6-8731BF0A4686}.Release.ActiveCfg = Release|Win32
		{09D9D9F2-3933-419C-ACA6-8731BF0A4686}.Release.Build.0 = Release|Win32
		{637A31F3-6182-4593-8773-BE00749A6F5D}.Debug.ActiveCfg = Debug|Win32
		{637A31F3-6182-4593-8773-BE00749A6F5D}.Debug.Build.0 = Debug|Win32
		{637A31F3-6182-4593-8773-BE00749A6F5D}.Release.ActiveCfg = Release|Win32
		{637A31F3-6182-4593-8773-BE00749A6F5D}.Release.Build.0 = Release|Win32
		{7CDAADC7-CA80-4CC2-8A1B-3466795F694D}.Debug.ActiveCfg = Debug|Win32
		{7CDAADC7-CA80-4CC2-8A1B-3466795F694D}.Debug.Build.0 = Debug|Win32
		{7CDAADC7-CA80-4CC2-8A1B-3466795F694D}.Release.ActiveCfg = Release|Win32
		{7CDAADC7-CA80-4CC2-8A1B-3466795F694D}.Release.Build.0 = Release|Win32
		{245C807F-AAC7-45EE-BCCC-7CCCA6060752}.Debug.ActiveCfg = Debug|Win32
		{245C807F-AAC7-45EE-BCCC-7CCCA6060752}.Debug.Build.0 = Debug|Win32
		{245C807F-AAC7-45EE-BCCC-7CCCA6060752}.Release.ActiveCfg = Release|Win32
		{245C807F-AAC7-45EE-BCCC-7CCCA6060752}.Release.Build.0 = Release|Win32
		{875B56E4-DA0E-45A6-B4FA-FAB20AC69938}.Debug.ActiveCfg = Debug|Win32
		{875B56E4-DA0E-45A6-B4FA-FAB20AC69938}.Debug.Build.0 = Debug|Win32
		{875B56E4-DA0E-45A6-B4FA-FAB20AC69938}.Release.ActiveCfg = Release|Win32
		{875B56E4-DA0E-45A6-B4FA-FAB20AC69938}.Release.Build.0 = Release|Win32
		{EF75EB64-2600-468F-87FD-069CE13E03A1}.Debug.ActiveCfg = Debug|Win32
		{EF75EB64-2600-468F-87FD-069CE13E03A1}.Debug.Build.0 = Debug|Win32
		{EF75EB64-2600-468F-87FD-069CE13E03A1}.Release.ActiveCfg = Release|Win32
		{EF75EB64-2600-468F-87FD-069CE13E03A1}.Release.Build.0 = Release|Win32
		{A3BAB39A-7392-4503-8327-90E965A39B1B}.Debug.ActiveCfg = Debug|Win32
		{A3BAB39A-7392-4503-8327-90E965A39B1B}.Debug.Build.0 = Debug|Win32
		{A3BAB39A-7392-4503-8327-90E965A39B1B}.Release.ActiveCfg = Release|Win32
		{A3BAB39A-7392-4503-8327-90E965A39B1B}.Release.Build.0 = Release|Win32
		{8DA687A8-2112-4116-9ABA-7B79A2BC6D1C}.Debug.ActiveCfg = Debug|Win32
		{8DA687A8-2112-4116-9ABA-7B79A2BC6D1C}.Debug.Build.0 = Debug|Win32
		{8DA687A8-2112-4116-9ABA-7B79A2BC6D1C}.Release.ActiveCfg = Release|Win32
		{8DA687A8-2112-4116-9ABA-7B79A2BC6D1C}.Release.Build.0 = Release|Win32
		{EEC54D26-1485-4520-8FFB-DB53BCA8D1E6}.Debug.ActiveCfg = Debug|Win32
		{EEC54D26-1485-4520-8FFB-DB53BCA8D1E6}.Debug.Build.0 = Debug|Win32
		{EEC54D26-1485-4520-8FFB-DB53BCA8D1E6}.Release.ActiveCfg = Release|Win32
		{EEC54D26-1485-4520-8FFB-DB53BCA8D1E6}.Release.Build.0 = Release|Win32
		{167D8742-C61D-4EE8-A8F6-70E13E2329EA}.Debug.ActiveCfg = Debug|Win32
		{167D8742-C61D-4EE8-A8F6-70E13E2329EA}.Debug.Build.0 = Debug|Win32
		{167D8742-C61D-4EE8-A8F6-70E13E2329EA}.Release.ActiveCfg = Release|Win32
		{167D8742-C61D-4EE8-A8F6-70E13E2329EA}.Release.Build.0 = Release|Win32
		{1C2E0562-ADD8-482F-8B23-804AF3E5D8A6}.Debug.ActiveCfg = Debug|Win32
		{1C2E0562-ADD8-482F-8B23-804AF3E5D8A6}.Debug.Build.0 = Debug|Win32
		{1C2E0562-ADD8-482F-8B23-804AF3E5D8A6}.Release.ActiveCfg = Release|Win32
		{1C2E0562-ADD8-482F-8B23-804AF3E5D8A6}.Release.Build.0 = Release|Win32
		{A8F77DD7-CB7D-4277-B1DA-F2BF54B6CF18}.Debug.ActiveCfg = Debug|Win32
		{A8F77DD7-CB7D-4277-B1DA-F2BF54B6CF18}.Debug.Build.0 = Debug|Win32
		{A8F77DD7-CB7D-4277-B1DA-F2BF54B6CF18}.Release.ActiveCfg = Release|Win32
		{A8F77DD7-CB7D-4277-B1DA-F2BF54B6CF18}.Release.Build.0 = Release|Win32
		{EA08BA49-0849-4CF6-8D4B-090AC856CBE6}.Debug.ActiveCfg = Debug|Win32
		{EA08BA49-0849-4CF6-8D4B-090AC856CBE6}.Debug.Build.0 = Debug|Win32
		{EA08BA49-0849-4CF6-8D4B-090AC856CBE6}.Release.ActiveCfg = Release|Win32
		{EA08BA49-0849-4CF6-8D4B-090AC856CBE6}.Release.Build.0 = Release|Win32
		{DD7850AD-CC81-4747-84A9-3BEC75D37549}.Debug.ActiveCfg = Debug|Win32
		{DD7850AD-CC81-4747-84A9-3BEC75D37549}.Debug.Build.0 = Debug|Win32
		{DD7850AD-CC81-4747-84A9-3BEC75D37549}.Release.ActiveCfg = Release|Win32
		{DD7850AD-CC81-4747-84A9-3BEC75D37549}.Release.Build.0 = Release|Win32
		{96606A8A-AB00-4DA9-8AF3-BAD7F8AF4406}.Debug.ActiveCfg = Debug|Win32
		{96606A8A-AB00-4DA9-8AF3-BAD7F8AF4406}.Debug.Build.0 = Debug|Win32
		{96606A8A-AB00-4DA9-8AF3-BAD7F8AF4406}.Release.ActiveCfg = Release|Win32
		{96606A8A-AB00-4DA9-8AF3-BAD7F8AF4406}.Release.Build.0 = Release|Win32
		{48CC4338-E063-45F8-B133-7D6251F19020}.Debug.ActiveCfg = Debug|Win32
		{48CC4338-E063-45F8-B133-7D6251F19020}.Debug.Build.0 = Debug|Win32
		{48CC4338-E063-45F8-B133-7D6251F19020}.Release.ActiveCfg = Release|Win32
		{48CC4338-E063-45F8-B133-7D6251F19020}.Release.Build.0 = Release|Win32
		{53B766CA-02AF-473F-A676-1973A8C0F734}.Debug.ActiveCfg = Debug|Win32
		{53B766CA-02AF-473F-A676-1973A8C0F734}.Debug.Build.0 = Debug|Win32
		{53B766CA-02AF-473F-A676-1973A8C0F734}.Release.ActiveCfg = Release|Win32
		{53B766CA-02AF-473F-A676-1973A8C0F734}.Release.Build.0 = Release|Win32
		{771E4828-B1C4-42DA-AEF8-B620613BA551}.Debug.ActiveCfg = Debug|Win32
		{771E4828-B1C4-42DA-AEF8-B620613BA551}.Debug.Build.0 = Debug|Win32
		{771E4828-B1C4-42DA-AEF8-B620613BA551}.Release.ActiveCfg = Release|Win32
		{771E4828-B1C4-42DA-AEF8-B620613BA551}.Release.Build.0 = Release|Win32
		{D94AD255-E3BD-4939-A0E6-F29FE3C41E97}.Debug.ActiveCfg = Debug|Win32
		{D94AD255-E3BD-4939-A0E6-F29FE3C41E97}.Debug.Build.0 = Debug|Win32
		{D94AD255-E3BD-4939-A0E6-F29FE3C41E97}.Release.ActiveCfg = Release|Win32
		{D94AD255-E3BD-4939-A0E6-F29FE3C41E97}.Release.Build.0 = Release|Win32
		{6EC27AA4-3A38-4219-B410-7A057DC8340A}.Debug.ActiveCfg = Debug|Win32
		{6EC27AA4-3A38-4219-B410-7A057DC8340A}.Debug.Build.0 = Debug|Win32
		{6EC27AA4-3A38-4219-B410-7A057DC8340A}.Release.ActiveCfg = Release|Win32
		{6EC27AA4-3A38-4219-B410-7A057DC8340A}.Release.Build.0 = Release|Win32
		{82E64229-D539-43EE-AD46-DEC2F16E939F}.Debug.ActiveCfg = Debug|Win32
		{82E64229-D539-43EE-AD46-DEC2F16E939F}.Debug.Build.0 = Debug|Win32
		{82E64229-D539-43EE-AD46-DEC2F16E939F}.Release.ActiveCfg = Release|Win32
		{82E64229-D539-43EE-AD46-DEC2F16E939F}.Release.Build.0 = Release|Win32
		{287CA56A-9A3D-4B58-8491-7ABAFC6A5F5C}.Debug.ActiveCfg = Release (wxWindows)|Win32
		{287CA56A-9A3D-4B58-8491-7ABAFC6A5F5C}.Debug.Build.0 = Release (wxWindows)|Win32
		{287CA56A-9A3D-4B58-8491-7ABAFC6A5F5C}.Release.ActiveCfg = Release (wxWindows)|Win32
		{287CA56A-9A3D-4B58-8491-7ABAFC6A5F5C}.Release.Build.0 = Release (wxWindows)|Win32
		{616DF24D-F34F-46F9-A84F-8F7A17E0EC2A}.Debug.ActiveCfg = Release (wxWindows)|Win32
		{616DF24D-F34F-46F9-A84F-8F7A17E0EC2A}.Debug.Build.0 = Release (wxWindows)|Win32
		{616DF24D-F34F-46F9-A84F-8F7A17E0EC2A}.Release.ActiveCfg = Release (wxWindows)|Win32
		{616DF24D-F34F-46F9-A84F-8F7A17E0EC2A}.Release.Build.0 = Release (wxWindows)|Win32
	EndGlobalSection
	GlobalSection(ExtensibilityGlobals) = postSolution
	EndGlobalSection
	GlobalSection(ExtensibilityAddIns) = postSolution
	EndGlobalSection
EndGlobal
