Microsoft Visual Studio Solution File, Format Version 9.00
# Visual Studio 2005
Project("{8BC9CEB8-8B4A-11D0-8D11-00A0C91BC942}") = "Common", "Win32\VC\Common\Common.vcproj", "{09D9D9F2-3933-419C-ACA6-8731BF0A4686}"
	ProjectSection(ProjectDependencies) = postProject
		{BEC0CD2F-60CD-40E2-A89B-AB10E902F1D5} = {BEC0CD2F-60CD-40E2-A89B-AB10E902F1D5}
		{167D8742-C61D-4EE8-A8F6-70E13E2329EA} = {167D8742-C61D-4EE8-A8F6-70E13E2329EA}
		{167D8742-C61D-4EE8-A8F6-70E13E2329EA} = {167D8742-C61D-4EE8-A8F6-70E13E2329EA}
		{DACCC4BB-28C4-41C8-A605-5BDBC3B749C4} = {DACCC4BB-28C4-41C8-A605-5BDBC3B749C4}
		{DACCC4BB-28C4-41C8-A605-5BDBC3B749C4} = {DACCC4BB-28C4-41C8-A605-5BDBC3B749C4}
		{78B079BD-9FC7-4B9E-B4A6-96DA0F00248B} = {78B079BD-9FC7-4B9E-B4A6-96DA0F00248B}
		{78B079BD-9FC7-4B9E-B4A6-96DA0F00248B} = {78B079BD-9FC7-4B9E-B4A6-96DA0F00248B}
		{7565C8EF-1577-4D34-82E7-5D8703F59C69} = {7565C8EF-1577-4D34-82E7-5D8703F59C69}
	EndProjectSection
EndProject
Project("{8BC9CEB8-8B4A-11D0-8D11-00A0C91BC942}") = "CommonTest", "Win32\VC\CommonTest\CommonTest.vcproj", "{637A31F3-6182-4593-8773-BE00749A6F5D}"
	ProjectSection(ProjectDependencies) = postProject
		{7CDAADC7-CA80-4CC2-8A1B-3466795F694D} = {7CDAADC7-CA80-4CC2-8A1B-3466795F694D}
		{09D9D9F2-3933-419C-ACA6-8731BF0A4686} = {09D9D9F2-3933-419C-ACA6-8731BF0A4686}
	EndProjectSection
EndProject
Project("{8BC9CEB8-8B4A-11D0-8D11-00A0C91BC942}") = "ImlUnit", "Win32\VC\ImlUnit\ImlUnit.vcproj", "{7CDAADC7-CA80-4CC2-8A1B-3466795F694D}"
EndProject
Project("{8BC9CEB8-8B4A-11D0-8D11-00A0C91BC942}") = "libivorbisdec", "wx\MSVC\libivorbisdec\libivorbisdec.vcproj", "{A3BAB39A-7392-4503-8327-90E965A39B1B}"
EndProject
Project("{8BC9CEB8-8B4A-11D0-8D11-00A0C91BC942}") = "libxml2", "libs\libxml2\win32\dsp\libxml2.vcproj", "{167D8742-C61D-4EE8-A8F6-70E13E2329EA}"
EndProject
Project("{8BC9CEB8-8B4A-11D0-8D11-00A0C91BC942}") = "portaudio", "wx\MSVC\portaudio\portaudio.vcproj", "{1C2E0562-ADD8-482F-8B23-804AF3E5D8A6}"
EndProject
Project("{8BC9CEB8-8B4A-11D0-8D11-00A0C91BC942}") = "Application", "wx\MSVC\Application\Application.vcproj", "{A8F77DD7-CB7D-4277-B1DA-F2BF54B6CF18}"
	ProjectSection(ProjectDependencies) = postProject
		{B361C000-79E7-5B8A-8F5F-BC0168C7002E} = {B361C000-79E7-5B8A-8F5F-BC0168C7002E}
		{5802720D-A6B1-5E95-AFF3-B80CFE03431B} = {5802720D-A6B1-5E95-AFF3-B80CFE03431B}
		{FA559111-7B08-54E7-BD3B-0B621C819C78} = {FA559111-7B08-54E7-BD3B-0B621C819C78}
		{3E2CE61B-B4B7-5120-8EE3-65ECC0BE055E} = {3E2CE61B-B4B7-5120-8EE3-65ECC0BE055E}
		{2764E632-B514-5EEE-BD94-23BCF6FC2A92} = {2764E632-B514-5EEE-BD94-23BCF6FC2A92}
		{078F4E39-D258-54B5-B1B1-4905D10E06DC} = {078F4E39-D258-54B5-B1B1-4905D10E06DC}
		{CD477539-2983-5490-B8C4-DC72B2760FFF} = {CD477539-2983-5490-B8C4-DC72B2760FFF}
		{9B9B8541-3661-5AD8-8DFF-0BE67FBF1A37} = {9B9B8541-3661-5AD8-8DFF-0BE67FBF1A37}
		{C752F044-0E49-5C21-818F-751B327B35AA} = {C752F044-0E49-5C21-818F-751B327B35AA}
		{EA08BA49-0849-4CF6-8D4B-090AC856CBE6} = {EA08BA49-0849-4CF6-8D4B-090AC856CBE6}
		{A92A7D53-52C9-5561-AD62-A3EC4379CC4D} = {A92A7D53-52C9-5561-AD62-A3EC4379CC4D}
		{2E428F55-7263-58A2-80E4-59D2E6BD9E5A} = {2E428F55-7263-58A2-80E4-59D2E6BD9E5A}
		{4BDDC25D-2967-5450-8439-107D28E7B5D7} = {4BDDC25D-2967-5450-8439-107D28E7B5D7}
		{1C2E0562-ADD8-482F-8B23-804AF3E5D8A6} = {1C2E0562-ADD8-482F-8B23-804AF3E5D8A6}
		{6EA54780-4728-5F04-A501-3B3F4538874C} = {6EA54780-4728-5F04-A501-3B3F4538874C}
		{96606A8A-AB00-4DA9-8AF3-BAD7F8AF4406} = {96606A8A-AB00-4DA9-8AF3-BAD7F8AF4406}
		{A3BAB39A-7392-4503-8327-90E965A39B1B} = {A3BAB39A-7392-4503-8327-90E965A39B1B}
		{6C6028A1-9741-536A-A4CC-AD9D5A21EFE9} = {6C6028A1-9741-536A-A4CC-AD9D5A21EFE9}
		{87EE9DA4-DE1E-4448-8324-183C98DCA588} = {87EE9DA4-DE1E-4448-8324-183C98DCA588}
		{0CCCC9AA-581E-5616-B347-F93AAD183BC4} = {0CCCC9AA-581E-5616-B347-F93AAD183BC4}
		{02A5D9F0-B0D3-5AD7-B6BA-9E5C05647992} = {02A5D9F0-B0D3-5AD7-B6BA-9E5C05647992}
		{09D9D9F2-3933-419C-ACA6-8731BF0A4686} = {09D9D9F2-3933-419C-ACA6-8731BF0A4686}
		{637A31F3-6182-4593-8773-BE00749A6F5D} = {637A31F3-6182-4593-8773-BE00749A6F5D}
		{32B18CFE-19C8-5F72-9759-CE03A314A875} = {32B18CFE-19C8-5F72-9759-CE03A314A875}
	EndProjectSection
EndProject
Project("{8BC9CEB8-8B4A-11D0-8D11-00A0C91BC942}") = "wxIE", "wx\MSVC\wxIE\wxIE.vcproj", "{EA08BA49-0849-4CF6-8D4B-090AC856CBE6}"
EndProject
Project("{8BC9CEB8-8B4A-11D0-8D11-00A0C91BC942}") = "wxq2", "libs\quake2\wxq2.vcproj", "{96606A8A-AB00-4DA9-8AF3-BAD7F8AF4406}"
	ProjectSection(ProjectDependencies) = postProject
		{616DF24D-F34F-46F9-A84F-8F7A17E0EC2A} = {616DF24D-F34F-46F9-A84F-8F7A17E0EC2A}
		{287CA56A-9A3D-4B58-8491-7ABAFC6A5F5C} = {287CA56A-9A3D-4B58-8491-7ABAFC6A5F5C}
	EndProjectSection
EndProject
Project("{8BC9CEB8-8B4A-11D0-8D11-00A0C91BC942}") = "ref_soft", "libs\quake2\ref_soft\ref_soft.vcproj", "{287CA56A-9A3D-4B58-8491-7ABAFC6A5F5C}"
EndProject
Project("{8BC9CEB8-8B4A-11D0-8D11-00A0C91BC942}") = "ref_gl", "libs\quake2\ref_gl\ref_gl.vcproj", "{616DF24D-F34F-46F9-A84F-8F7A17E0EC2A}"
EndProject
Project("{8BC9CEB8-8B4A-11D0-8D11-00A0C91BC942}") = "game", "libs\quake2\game\game.vcproj", "{E3E18AF4-CBA2-4F24-A7E1-6B5A73D3A46E}"
EndProject
Project("{8BC9CEB8-8B4A-11D0-8D11-00A0C91BC942}") = "qtcheck", "libs\qtcheck\qtcheck.vcproj", "{306935CD-3C77-4C80-B1F4-39A1527CA232}"
EndProject
Project("{8BC9CEB8-8B4A-11D0-8D11-00A0C91BC942}") = "sqlite", "wx\MSVC\sqlite\sqlite.vcproj", "{DACCC4BB-28C4-41C8-A605-5BDBC3B749C4}"
EndProject
Project("{8BC9CEB8-8B4A-11D0-8D11-00A0C91BC942}") = "freetype", "libs\freetype2\builds\win32\visualc\freetype.vcproj", "{78B079BD-9FC7-4B9E-B4A6-96DA0F00248B}"
EndProject
Project("{8BC9CEB8-8B4A-11D0-8D11-00A0C91BC942}") = "UpdateInstallerTest", "tools\UpdateInstaller\test\UpdateInstallerTest.vcproj", "{8626B0C9-754F-46FE-8550-DEC65D300AE6}"
EndProject
Project("{8BC9CEB8-8B4A-11D0-8D11-00A0C91BC942}") = "UpdateInstaller", "tools\UpdateInstaller\UpdateInstaller.vcproj", "{4607DD4E-20D2-4FE2-BBF4-9D2B0F05F299}"
EndProject
Project("{8BC9CEB8-8B4A-11D0-8D11-00A0C91BC942}") = "libmzsch3m", "wx\MSVC\libmzsch3m\libmzsch3m.vcproj", "{9AFD8931-B191-487E-A89E-0904A928F488}"
EndProject
Project("{8BC9CEB8-8B4A-11D0-8D11-00A0C91BC942}") = "log4cplus_static", "libs\log4cplus\msvc8\log4cplus_static.vcproj", "{BEC0CD2F-60CD-40E2-A89B-AB10E902F1D5}"
EndProject
Project("{8BC9CEB8-8B4A-11D0-8D11-00A0C91BC942}") = "libcurl", "libs\curl\lib\libcurl.vcproj", "{87EE9DA4-DE1E-4448-8324-183C98DCA588}"
EndProject
Project("{8BC9CEB8-8B4A-11D0-8D11-00A0C91BC942}") = "wxjpeg", "libs\wxWidgets\build\msw\wx_vc8_wxjpeg.vcproj", "{4BDDC25D-2967-5450-8439-107D28E7B5D7}"
EndProject
Project("{8BC9CEB8-8B4A-11D0-8D11-00A0C91BC942}") = "wxpng", "libs\wxWidgets\build\msw\wx_vc8_wxpng.vcproj", "{2E428F55-7263-58A2-80E4-59D2E6BD9E5A}"
EndProject
Project("{8BC9CEB8-8B4A-11D0-8D11-00A0C91BC942}") = "wxregex", "libs\wxWidgets\build\msw\wx_vc8_wxregex.vcproj", "{078F4E39-D258-54B5-B1B1-4905D10E06DC}"
EndProject
Project("{8BC9CEB8-8B4A-11D0-8D11-00A0C91BC942}") = "wxscintilla", "libs\wxWidgets\build\msw\wx_vc8_wxscintilla.vcproj", "{CC1B3044-403C-53A2-8AA5-821F7A99A29F}"
EndProject
Project("{8BC9CEB8-8B4A-11D0-8D11-00A0C91BC942}") = "stc", "libs\wxWidgets\build\msw\wx_vc8_stc.vcproj", "{FA559111-7B08-54E7-BD3B-0B621C819C78}"
	ProjectSection(ProjectDependencies) = postProject
		{CC1B3044-403C-53A2-8AA5-821F7A99A29F} = {CC1B3044-403C-53A2-8AA5-821F7A99A29F}
	EndProjectSection
EndProject
Project("{8BC9CEB8-8B4A-11D0-8D11-00A0C91BC942}") = "wxtiff", "libs\wxWidgets\build\msw\wx_vc8_wxtiff.vcproj", "{6C6028A1-9741-536A-A4CC-AD9D5A21EFE9}"
EndProject
Project("{8BC9CEB8-8B4A-11D0-8D11-00A0C91BC942}") = "wxexpat", "libs\wxWidgets\build\msw\wx_vc8_wxexpat.vcproj", "{3E2CE61B-B4B7-5120-8EE3-65ECC0BE055E}"
EndProject
Project("{8BC9CEB8-8B4A-11D0-8D11-00A0C91BC942}") = "core", "libs\wxWidgets\build\msw\wx_vc8_core.vcproj", "{A92A7D53-52C9-5561-AD62-A3EC4379CC4D}"
EndProject
Project("{8BC9CEB8-8B4A-11D0-8D11-00A0C91BC942}") = "base", "libs\wxWidgets\build\msw\wx_vc8_base.vcproj", "{9B9B8541-3661-5AD8-8DFF-0BE67FBF1A37}"
EndProject
Project("{8BC9CEB8-8B4A-11D0-8D11-00A0C91BC942}") = "wxzlib", "libs\wxWidgets\build\msw\wx_vc8_wxzlib.vcproj", "{02A5D9F0-B0D3-5AD7-B6BA-9E5C05647992}"
EndProject
Project("{8BC9CEB8-8B4A-11D0-8D11-00A0C91BC942}") = "xrc", "libs\wxWidgets\build\msw\wx_vc8_xrc.vcproj", "{5802720D-A6B1-5E95-AFF3-B80CFE03431B}"
EndProject
Project("{8BC9CEB8-8B4A-11D0-8D11-00A0C91BC942}") = "wxrc", "libs\wxWidgets\utils\wxrc\wxrc_vc8.vcproj", "{0CCCC9AA-581E-5616-B347-F93AAD183BC4}"
	ProjectSection(ProjectDependencies) = postProject
		{5802720D-A6B1-5E95-AFF3-B80CFE03431B} = {5802720D-A6B1-5E95-AFF3-B80CFE03431B}
		{3E2CE61B-B4B7-5120-8EE3-65ECC0BE055E} = {3E2CE61B-B4B7-5120-8EE3-65ECC0BE055E}
		{3E2CE61B-B4B7-5120-8EE3-65ECC0BE055E} = {3E2CE61B-B4B7-5120-8EE3-65ECC0BE055E}
		{2764E632-B514-5EEE-BD94-23BCF6FC2A92} = {2764E632-B514-5EEE-BD94-23BCF6FC2A92}
		{078F4E39-D258-54B5-B1B1-4905D10E06DC} = {078F4E39-D258-54B5-B1B1-4905D10E06DC}
		{078F4E39-D258-54B5-B1B1-4905D10E06DC} = {078F4E39-D258-54B5-B1B1-4905D10E06DC}
		{CD477539-2983-5490-B8C4-DC72B2760FFF} = {CD477539-2983-5490-B8C4-DC72B2760FFF}
		{CD477539-2983-5490-B8C4-DC72B2760FFF} = {CD477539-2983-5490-B8C4-DC72B2760FFF}
		{9B9B8541-3661-5AD8-8DFF-0BE67FBF1A37} = {9B9B8541-3661-5AD8-8DFF-0BE67FBF1A37}
		{A92A7D53-52C9-5561-AD62-A3EC4379CC4D} = {A92A7D53-52C9-5561-AD62-A3EC4379CC4D}
		{2E428F55-7263-58A2-80E4-59D2E6BD9E5A} = {2E428F55-7263-58A2-80E4-59D2E6BD9E5A}
		{4BDDC25D-2967-5450-8439-107D28E7B5D7} = {4BDDC25D-2967-5450-8439-107D28E7B5D7}
		{6C6028A1-9741-536A-A4CC-AD9D5A21EFE9} = {6C6028A1-9741-536A-A4CC-AD9D5A21EFE9}
		{02A5D9F0-B0D3-5AD7-B6BA-9E5C05647992} = {02A5D9F0-B0D3-5AD7-B6BA-9E5C05647992}
		{32B18CFE-19C8-5F72-9759-CE03A314A875} = {32B18CFE-19C8-5F72-9759-CE03A314A875}
	EndProjectSection
EndProject
Project("{8BC9CEB8-8B4A-11D0-8D11-00A0C91BC942}") = "xml", "libs\wxWidgets\build\msw\wx_vc8_xml.vcproj", "{CD477539-2983-5490-B8C4-DC72B2760FFF}"
EndProject
Project("{2150E333-8FDC-42A3-9474-1A3956D46DE8}") = "wxWidgets", "wxWidgets", "{B92891EF-6BF3-4D9C-B894-117349997956}"
EndProject
Project("{2150E333-8FDC-42A3-9474-1A3956D46DE8}") = "Quake 2", "Quake 2", "{B8E8EB62-A84C-4FCE-8551-0A40FD5AEC1D}"
EndProject
Project("{2150E333-8FDC-42A3-9474-1A3956D46DE8}") = "Libraries", "Libraries", "{CDF725DC-E7FF-45D5-B0D0-DA6D55272D59}"
EndProject
Project("{2150E333-8FDC-42A3-9474-1A3956D46DE8}") = "Install", "Install", "{A180575B-5EA5-4A89-BF87-2EC37116045F}"
EndProject
Project("{2150E333-8FDC-42A3-9474-1A3956D46DE8}") = "Common", "Common", "{4A45064F-0147-4D84-8F58-1263EE81D2C1}"
EndProject
Project("{8BC9CEB8-8B4A-11D0-8D11-00A0C91BC942}") = "adv", "libs\wxWidgets\build\msw\wx_vc8_adv.vcproj", "{2764E632-B514-5EEE-BD94-23BCF6FC2A92}"
EndProject
Project("{8BC9CEB8-8B4A-11D0-8D11-00A0C91BC942}") = "html", "libs\wxWidgets\build\msw\wx_vc8_html.vcproj", "{32B18CFE-19C8-5F72-9759-CE03A314A875}"
EndProject
Project("{8BC9CEB8-8B4A-11D0-8D11-00A0C91BC942}") = "qa", "libs\wxWidgets\build\msw\wx_vc8_qa.vcproj", "{6EA54780-4728-5F04-A501-3B3F4538874C}"
EndProject
Project("{8BC9CEB8-8B4A-11D0-8D11-00A0C91BC942}") = "net", "libs\wxWidgets\build\msw\wx_vc8_net.vcproj", "{C752F044-0E49-5C21-818F-751B327B35AA}"
EndProject
Project("{8BC9CEB8-8B4A-11D0-8D11-00A0C91BC942}") = "pixman", "libs\pixman\build\msvc\pixman\pixman.vcproj", "{860D7EB9-A879-4B52-B277-EDDE1877A2B9}"
EndProject
Project("{8BC9CEB8-8B4A-11D0-8D11-00A0C91BC942}") = "cairo", "libs\cairo\build\msvc\cairo\cairo.vcproj", "{7565C8EF-1577-4D34-82E7-5D8703F59C69}"
	ProjectSection(ProjectDependencies) = postProject
		{860D7EB9-A879-4B52-B277-EDDE1877A2B9} = {860D7EB9-A879-4B52-B277-EDDE1877A2B9}
	EndProjectSection
EndProject
Project("{8BC9CEB8-8B4A-11D0-8D11-00A0C91BC942}") = "aui", "libs\wxWidgets\build\msw\wx_vc8_aui.vcproj", "{B361C000-79E7-5B8A-8F5F-BC0168C7002E}"
EndProject
Global
	GlobalSection(SolutionConfigurationPlatforms) = preSolution
		Debug|Win32 = Debug|Win32
		Libraries|Win32 = Libraries|Win32
		Release|Win32 = Release|Win32
	EndGlobalSection
	GlobalSection(ProjectConfigurationPlatforms) = postSolution
		{09D9D9F2-3933-419C-ACA6-8731BF0A4686}.Debug|Win32.ActiveCfg = Debug|Win32
		{09D9D9F2-3933-419C-ACA6-8731BF0A4686}.Debug|Win32.Build.0 = Debug|Win32
		{09D9D9F2-3933-419C-ACA6-8731BF0A4686}.Libraries|Win32.ActiveCfg = Debug|Win32
		{09D9D9F2-3933-419C-ACA6-8731BF0A4686}.Release|Win32.ActiveCfg = Release|Win32
		{09D9D9F2-3933-419C-ACA6-8731BF0A4686}.Release|Win32.Build.0 = Release|Win32
		{637A31F3-6182-4593-8773-BE00749A6F5D}.Debug|Win32.ActiveCfg = Debug|Win32
		{637A31F3-6182-4593-8773-BE00749A6F5D}.Debug|Win32.Build.0 = Debug|Win32
		{637A31F3-6182-4593-8773-BE00749A6F5D}.Libraries|Win32.ActiveCfg = Debug|Win32
		{637A31F3-6182-4593-8773-BE00749A6F5D}.Release|Win32.ActiveCfg = Release|Win32
		{637A31F3-6182-4593-8773-BE00749A6F5D}.Release|Win32.Build.0 = Release|Win32
		{7CDAADC7-CA80-4CC2-8A1B-3466795F694D}.Debug|Win32.ActiveCfg = Debug|Win32
		{7CDAADC7-CA80-4CC2-8A1B-3466795F694D}.Debug|Win32.Build.0 = Debug|Win32
		{7CDAADC7-CA80-4CC2-8A1B-3466795F694D}.Libraries|Win32.ActiveCfg = Release|Win32
		{7CDAADC7-CA80-4CC2-8A1B-3466795F694D}.Release|Win32.ActiveCfg = Release|Win32
		{7CDAADC7-CA80-4CC2-8A1B-3466795F694D}.Release|Win32.Build.0 = Release|Win32
		{A3BAB39A-7392-4503-8327-90E965A39B1B}.Debug|Win32.ActiveCfg = Debug|Win32
		{A3BAB39A-7392-4503-8327-90E965A39B1B}.Debug|Win32.Build.0 = Debug|Win32
		{A3BAB39A-7392-4503-8327-90E965A39B1B}.Libraries|Win32.ActiveCfg = Release|Win32
		{A3BAB39A-7392-4503-8327-90E965A39B1B}.Release|Win32.ActiveCfg = Release|Win32
		{A3BAB39A-7392-4503-8327-90E965A39B1B}.Release|Win32.Build.0 = Release|Win32
		{167D8742-C61D-4EE8-A8F6-70E13E2329EA}.Debug|Win32.ActiveCfg = Debug|Win32
		{167D8742-C61D-4EE8-A8F6-70E13E2329EA}.Debug|Win32.Build.0 = Debug|Win32
		{167D8742-C61D-4EE8-A8F6-70E13E2329EA}.Libraries|Win32.ActiveCfg = Release|Win32
		{167D8742-C61D-4EE8-A8F6-70E13E2329EA}.Release|Win32.ActiveCfg = Release|Win32
		{167D8742-C61D-4EE8-A8F6-70E13E2329EA}.Release|Win32.Build.0 = Release|Win32
		{1C2E0562-ADD8-482F-8B23-804AF3E5D8A6}.Debug|Win32.ActiveCfg = Debug|Win32
		{1C2E0562-ADD8-482F-8B23-804AF3E5D8A6}.Debug|Win32.Build.0 = Debug|Win32
		{1C2E0562-ADD8-482F-8B23-804AF3E5D8A6}.Libraries|Win32.ActiveCfg = Release|Win32
		{1C2E0562-ADD8-482F-8B23-804AF3E5D8A6}.Release|Win32.ActiveCfg = Release|Win32
		{1C2E0562-ADD8-482F-8B23-804AF3E5D8A6}.Release|Win32.Build.0 = Release|Win32
		{A8F77DD7-CB7D-4277-B1DA-F2BF54B6CF18}.Debug|Win32.ActiveCfg = Debug|Win32
		{A8F77DD7-CB7D-4277-B1DA-F2BF54B6CF18}.Debug|Win32.Build.0 = Debug|Win32
		{A8F77DD7-CB7D-4277-B1DA-F2BF54B6CF18}.Libraries|Win32.ActiveCfg = Release|Win32
		{A8F77DD7-CB7D-4277-B1DA-F2BF54B6CF18}.Release|Win32.ActiveCfg = Release|Win32
		{A8F77DD7-CB7D-4277-B1DA-F2BF54B6CF18}.Release|Win32.Build.0 = Release|Win32
		{EA08BA49-0849-4CF6-8D4B-090AC856CBE6}.Debug|Win32.ActiveCfg = Debug|Win32
		{EA08BA49-0849-4CF6-8D4B-090AC856CBE6}.Debug|Win32.Build.0 = Debug|Win32
		{EA08BA49-0849-4CF6-8D4B-090AC856CBE6}.Libraries|Win32.ActiveCfg = Release|Win32
		{EA08BA49-0849-4CF6-8D4B-090AC856CBE6}.Release|Win32.ActiveCfg = Release|Win32
		{EA08BA49-0849-4CF6-8D4B-090AC856CBE6}.Release|Win32.Build.0 = Release|Win32
		{96606A8A-AB00-4DA9-8AF3-BAD7F8AF4406}.Debug|Win32.ActiveCfg = Debug|Win32
		{96606A8A-AB00-4DA9-8AF3-BAD7F8AF4406}.Debug|Win32.Build.0 = Debug|Win32
		{96606A8A-AB00-4DA9-8AF3-BAD7F8AF4406}.Libraries|Win32.ActiveCfg = Release DLL|Win32
		{96606A8A-AB00-4DA9-8AF3-BAD7F8AF4406}.Release|Win32.ActiveCfg = Release|Win32
		{96606A8A-AB00-4DA9-8AF3-BAD7F8AF4406}.Release|Win32.Build.0 = Release|Win32
		{287CA56A-9A3D-4B58-8491-7ABAFC6A5F5C}.Debug|Win32.ActiveCfg = Release (wxWindows)|Win32
		{287CA56A-9A3D-4B58-8491-7ABAFC6A5F5C}.Debug|Win32.Build.0 = Release (wxWindows)|Win32
		{287CA56A-9A3D-4B58-8491-7ABAFC6A5F5C}.Libraries|Win32.ActiveCfg = Release (wxWindows)|Win32
		{287CA56A-9A3D-4B58-8491-7ABAFC6A5F5C}.Release|Win32.ActiveCfg = Release (wxWindows)|Win32
		{287CA56A-9A3D-4B58-8491-7ABAFC6A5F5C}.Release|Win32.Build.0 = Release (wxWindows)|Win32
		{616DF24D-F34F-46F9-A84F-8F7A17E0EC2A}.Debug|Win32.ActiveCfg = Debug (wxWindows)|Win32
		{616DF24D-F34F-46F9-A84F-8F7A17E0EC2A}.Debug|Win32.Build.0 = Debug (wxWindows)|Win32
		{616DF24D-F34F-46F9-A84F-8F7A17E0EC2A}.Libraries|Win32.ActiveCfg = Release (wxWindows)|Win32
		{616DF24D-F34F-46F9-A84F-8F7A17E0EC2A}.Release|Win32.ActiveCfg = Release (wxWindows)|Win32
		{616DF24D-F34F-46F9-A84F-8F7A17E0EC2A}.Release|Win32.Build.0 = Release (wxWindows)|Win32
		{E3E18AF4-CBA2-4F24-A7E1-6B5A73D3A46E}.Debug|Win32.ActiveCfg = Debug|Win32
		{E3E18AF4-CBA2-4F24-A7E1-6B5A73D3A46E}.Debug|Win32.Build.0 = Debug|Win32
		{E3E18AF4-CBA2-4F24-A7E1-6B5A73D3A46E}.Libraries|Win32.ActiveCfg = Release|Win32
		{E3E18AF4-CBA2-4F24-A7E1-6B5A73D3A46E}.Release|Win32.ActiveCfg = Release|Win32
		{E3E18AF4-CBA2-4F24-A7E1-6B5A73D3A46E}.Release|Win32.Build.0 = Release|Win32
		{306935CD-3C77-4C80-B1F4-39A1527CA232}.Debug|Win32.ActiveCfg = Release|Win32
		{306935CD-3C77-4C80-B1F4-39A1527CA232}.Debug|Win32.Build.0 = Release|Win32
		{306935CD-3C77-4C80-B1F4-39A1527CA232}.Libraries|Win32.ActiveCfg = Release|Win32
		{306935CD-3C77-4C80-B1F4-39A1527CA232}.Release|Win32.ActiveCfg = Release|Win32
		{306935CD-3C77-4C80-B1F4-39A1527CA232}.Release|Win32.Build.0 = Release|Win32
		{DACCC4BB-28C4-41C8-A605-5BDBC3B749C4}.Debug|Win32.ActiveCfg = Debug|Win32
		{DACCC4BB-28C4-41C8-A605-5BDBC3B749C4}.Debug|Win32.Build.0 = Debug|Win32
		{DACCC4BB-28C4-41C8-A605-5BDBC3B749C4}.Libraries|Win32.ActiveCfg = Release|Win32
		{DACCC4BB-28C4-41C8-A605-5BDBC3B749C4}.Release|Win32.ActiveCfg = Release|Win32
		{DACCC4BB-28C4-41C8-A605-5BDBC3B749C4}.Release|Win32.Build.0 = Release|Win32
		{78B079BD-9FC7-4B9E-B4A6-96DA0F00248B}.Debug|Win32.ActiveCfg = Debug Multithreaded|Win32
		{78B079BD-9FC7-4B9E-B4A6-96DA0F00248B}.Debug|Win32.Build.0 = Debug Multithreaded|Win32
		{78B079BD-9FC7-4B9E-B4A6-96DA0F00248B}.Libraries|Win32.ActiveCfg = Debug Multithreaded|Win32
		{78B079BD-9FC7-4B9E-B4A6-96DA0F00248B}.Release|Win32.ActiveCfg = Release Multithreaded|Win32
		{78B079BD-9FC7-4B9E-B4A6-96DA0F00248B}.Release|Win32.Build.0 = Release Multithreaded|Win32
		{8626B0C9-754F-46FE-8550-DEC65D300AE6}.Debug|Win32.ActiveCfg = Debug|Win32
		{8626B0C9-754F-46FE-8550-DEC65D300AE6}.Debug|Win32.Build.0 = Debug|Win32
		{8626B0C9-754F-46FE-8550-DEC65D300AE6}.Libraries|Win32.ActiveCfg = Release|Win32
		{8626B0C9-754F-46FE-8550-DEC65D300AE6}.Release|Win32.ActiveCfg = Release|Win32
		{8626B0C9-754F-46FE-8550-DEC65D300AE6}.Release|Win32.Build.0 = Release|Win32
		{4607DD4E-20D2-4FE2-BBF4-9D2B0F05F299}.Debug|Win32.ActiveCfg = Debug|Win32
		{4607DD4E-20D2-4FE2-BBF4-9D2B0F05F299}.Debug|Win32.Build.0 = Debug|Win32
		{4607DD4E-20D2-4FE2-BBF4-9D2B0F05F299}.Libraries|Win32.ActiveCfg = Release|Win32
		{4607DD4E-20D2-4FE2-BBF4-9D2B0F05F299}.Release|Win32.ActiveCfg = Release|Win32
		{4607DD4E-20D2-4FE2-BBF4-9D2B0F05F299}.Release|Win32.Build.0 = Release|Win32
		{9AFD8931-B191-487E-A89E-0904A928F488}.Debug|Win32.ActiveCfg = Release|Win32
		{9AFD8931-B191-487E-A89E-0904A928F488}.Libraries|Win32.ActiveCfg = Release|Win32
		{9AFD8931-B191-487E-A89E-0904A928F488}.Libraries|Win32.Build.0 = Release|Win32
		{9AFD8931-B191-487E-A89E-0904A928F488}.Release|Win32.ActiveCfg = Release|Win32
		{BEC0CD2F-60CD-40E2-A89B-AB10E902F1D5}.Debug|Win32.ActiveCfg = Debug|Win32
		{BEC0CD2F-60CD-40E2-A89B-AB10E902F1D5}.Debug|Win32.Build.0 = Debug|Win32
		{BEC0CD2F-60CD-40E2-A89B-AB10E902F1D5}.Libraries|Win32.ActiveCfg = Release_Unicode|Win32
		{BEC0CD2F-60CD-40E2-A89B-AB10E902F1D5}.Release|Win32.ActiveCfg = Release|Win32
		{BEC0CD2F-60CD-40E2-A89B-AB10E902F1D5}.Release|Win32.Build.0 = Release|Win32
		{87EE9DA4-DE1E-4448-8324-183C98DCA588}.Debug|Win32.ActiveCfg = Debug|Win32
		{87EE9DA4-DE1E-4448-8324-183C98DCA588}.Debug|Win32.Build.0 = Debug|Win32
		{87EE9DA4-DE1E-4448-8324-183C98DCA588}.Libraries|Win32.ActiveCfg = Debug|Win32
		{87EE9DA4-DE1E-4448-8324-183C98DCA588}.Release|Win32.ActiveCfg = Release|Win32
		{87EE9DA4-DE1E-4448-8324-183C98DCA588}.Release|Win32.Build.0 = Release|Win32
		{4BDDC25D-2967-5450-8439-107D28E7B5D7}.Debug|Win32.ActiveCfg = Debug|Win32
		{4BDDC25D-2967-5450-8439-107D28E7B5D7}.Debug|Win32.Build.0 = Debug|Win32
		{4BDDC25D-2967-5450-8439-107D28E7B5D7}.Libraries|Win32.ActiveCfg = DLL Universal Release|Win32
		{4BDDC25D-2967-5450-8439-107D28E7B5D7}.Release|Win32.ActiveCfg = Release|Win32
		{4BDDC25D-2967-5450-8439-107D28E7B5D7}.Release|Win32.Build.0 = Release|Win32
		{2E428F55-7263-58A2-80E4-59D2E6BD9E5A}.Debug|Win32.ActiveCfg = Debug|Win32
		{2E428F55-7263-58A2-80E4-59D2E6BD9E5A}.Debug|Win32.Build.0 = Debug|Win32
		{2E428F55-7263-58A2-80E4-59D2E6BD9E5A}.Libraries|Win32.ActiveCfg = DLL Universal Release|Win32
		{2E428F55-7263-58A2-80E4-59D2E6BD9E5A}.Release|Win32.ActiveCfg = Release|Win32
		{2E428F55-7263-58A2-80E4-59D2E6BD9E5A}.Release|Win32.Build.0 = Release|Win32
		{078F4E39-D258-54B5-B1B1-4905D10E06DC}.Debug|Win32.ActiveCfg = Debug|Win32
		{078F4E39-D258-54B5-B1B1-4905D10E06DC}.Debug|Win32.Build.0 = Debug|Win32
		{078F4E39-D258-54B5-B1B1-4905D10E06DC}.Libraries|Win32.ActiveCfg = DLL Universal Release|Win32
		{078F4E39-D258-54B5-B1B1-4905D10E06DC}.Release|Win32.ActiveCfg = Release|Win32
		{078F4E39-D258-54B5-B1B1-4905D10E06DC}.Release|Win32.Build.0 = Release|Win32
		{CC1B3044-403C-53A2-8AA5-821F7A99A29F}.Debug|Win32.ActiveCfg = Debug|Win32
		{CC1B3044-403C-53A2-8AA5-821F7A99A29F}.Debug|Win32.Build.0 = Debug|Win32
		{CC1B3044-403C-53A2-8AA5-821F7A99A29F}.Libraries|Win32.ActiveCfg = DLL Universal Release|Win32
		{CC1B3044-403C-53A2-8AA5-821F7A99A29F}.Release|Win32.ActiveCfg = Release|Win32
		{CC1B3044-403C-53A2-8AA5-821F7A99A29F}.Release|Win32.Build.0 = Release|Win32
		{FA559111-7B08-54E7-BD3B-0B621C819C78}.Debug|Win32.ActiveCfg = Debug|Win32
		{FA559111-7B08-54E7-BD3B-0B621C819C78}.Debug|Win32.Build.0 = Debug|Win32
		{FA559111-7B08-54E7-BD3B-0B621C819C78}.Libraries|Win32.ActiveCfg = DLL Universal Release|Win32
		{FA559111-7B08-54E7-BD3B-0B621C819C78}.Release|Win32.ActiveCfg = Release|Win32
		{FA559111-7B08-54E7-BD3B-0B621C819C78}.Release|Win32.Build.0 = Release|Win32
		{6C6028A1-9741-536A-A4CC-AD9D5A21EFE9}.Debug|Win32.ActiveCfg = Debug|Win32
		{6C6028A1-9741-536A-A4CC-AD9D5A21EFE9}.Debug|Win32.Build.0 = Debug|Win32
		{6C6028A1-9741-536A-A4CC-AD9D5A21EFE9}.Libraries|Win32.ActiveCfg = DLL Universal Release|Win32
		{6C6028A1-9741-536A-A4CC-AD9D5A21EFE9}.Release|Win32.ActiveCfg = Release|Win32
		{6C6028A1-9741-536A-A4CC-AD9D5A21EFE9}.Release|Win32.Build.0 = Release|Win32
		{3E2CE61B-B4B7-5120-8EE3-65ECC0BE055E}.Debug|Win32.ActiveCfg = Debug|Win32
		{3E2CE61B-B4B7-5120-8EE3-65ECC0BE055E}.Debug|Win32.Build.0 = Debug|Win32
		{3E2CE61B-B4B7-5120-8EE3-65ECC0BE055E}.Libraries|Win32.ActiveCfg = DLL Universal Release|Win32
		{3E2CE61B-B4B7-5120-8EE3-65ECC0BE055E}.Release|Win32.ActiveCfg = Release|Win32
		{3E2CE61B-B4B7-5120-8EE3-65ECC0BE055E}.Release|Win32.Build.0 = Release|Win32
		{A92A7D53-52C9-5561-AD62-A3EC4379CC4D}.Debug|Win32.ActiveCfg = Debug|Win32
		{A92A7D53-52C9-5561-AD62-A3EC4379CC4D}.Debug|Win32.Build.0 = Debug|Win32
		{A92A7D53-52C9-5561-AD62-A3EC4379CC4D}.Libraries|Win32.ActiveCfg = DLL Universal Release|Win32
		{A92A7D53-52C9-5561-AD62-A3EC4379CC4D}.Release|Win32.ActiveCfg = Release|Win32
		{A92A7D53-52C9-5561-AD62-A3EC4379CC4D}.Release|Win32.Build.0 = Release|Win32
		{9B9B8541-3661-5AD8-8DFF-0BE67FBF1A37}.Debug|Win32.ActiveCfg = Debug|Win32
		{9B9B8541-3661-5AD8-8DFF-0BE67FBF1A37}.Debug|Win32.Build.0 = Debug|Win32
		{9B9B8541-3661-5AD8-8DFF-0BE67FBF1A37}.Libraries|Win32.ActiveCfg = DLL Universal Release|Win32
		{9B9B8541-3661-5AD8-8DFF-0BE67FBF1A37}.Release|Win32.ActiveCfg = Release|Win32
		{9B9B8541-3661-5AD8-8DFF-0BE67FBF1A37}.Release|Win32.Build.0 = Release|Win32
		{02A5D9F0-B0D3-5AD7-B6BA-9E5C05647992}.Debug|Win32.ActiveCfg = Debug|Win32
		{02A5D9F0-B0D3-5AD7-B6BA-9E5C05647992}.Debug|Win32.Build.0 = Debug|Win32
		{02A5D9F0-B0D3-5AD7-B6BA-9E5C05647992}.Libraries|Win32.ActiveCfg = DLL Universal Release|Win32
		{02A5D9F0-B0D3-5AD7-B6BA-9E5C05647992}.Release|Win32.ActiveCfg = Release|Win32
		{02A5D9F0-B0D3-5AD7-B6BA-9E5C05647992}.Release|Win32.Build.0 = Release|Win32
		{5802720D-A6B1-5E95-AFF3-B80CFE03431B}.Debug|Win32.ActiveCfg = Debug|Win32
		{5802720D-A6B1-5E95-AFF3-B80CFE03431B}.Debug|Win32.Build.0 = Debug|Win32
		{5802720D-A6B1-5E95-AFF3-B80CFE03431B}.Libraries|Win32.ActiveCfg = DLL Universal Release|Win32
		{5802720D-A6B1-5E95-AFF3-B80CFE03431B}.Release|Win32.ActiveCfg = Release|Win32
		{5802720D-A6B1-5E95-AFF3-B80CFE03431B}.Release|Win32.Build.0 = Release|Win32
		{0CCCC9AA-581E-5616-B347-F93AAD183BC4}.Debug|Win32.ActiveCfg = Debug|Win32
		{0CCCC9AA-581E-5616-B347-F93AAD183BC4}.Debug|Win32.Build.0 = Debug|Win32
		{0CCCC9AA-581E-5616-B347-F93AAD183BC4}.Libraries|Win32.ActiveCfg = DLL Universal Release|Win32
		{0CCCC9AA-581E-5616-B347-F93AAD183BC4}.Release|Win32.ActiveCfg = Release|Win32
		{0CCCC9AA-581E-5616-B347-F93AAD183BC4}.Release|Win32.Build.0 = Release|Win32
		{CD477539-2983-5490-B8C4-DC72B2760FFF}.Debug|Win32.ActiveCfg = Debug|Win32
		{CD477539-2983-5490-B8C4-DC72B2760FFF}.Debug|Win32.Build.0 = Debug|Win32
		{CD477539-2983-5490-B8C4-DC72B2760FFF}.Libraries|Win32.ActiveCfg = DLL Universal Release|Win32
		{CD477539-2983-5490-B8C4-DC72B2760FFF}.Release|Win32.ActiveCfg = Release|Win32
		{CD477539-2983-5490-B8C4-DC72B2760FFF}.Release|Win32.Build.0 = Release|Win32
		{2764E632-B514-5EEE-BD94-23BCF6FC2A92}.Debug|Win32.ActiveCfg = Debug|Win32
		{2764E632-B514-5EEE-BD94-23BCF6FC2A92}.Debug|Win32.Build.0 = Debug|Win32
		{2764E632-B514-5EEE-BD94-23BCF6FC2A92}.Libraries|Win32.ActiveCfg = DLL Universal Release|Win32
		{2764E632-B514-5EEE-BD94-23BCF6FC2A92}.Release|Win32.ActiveCfg = Release|Win32
		{2764E632-B514-5EEE-BD94-23BCF6FC2A92}.Release|Win32.Build.0 = Release|Win32
		{32B18CFE-19C8-5F72-9759-CE03A314A875}.Debug|Win32.ActiveCfg = Debug|Win32
		{32B18CFE-19C8-5F72-9759-CE03A314A875}.Debug|Win32.Build.0 = Debug|Win32
		{32B18CFE-19C8-5F72-9759-CE03A314A875}.Libraries|Win32.ActiveCfg = DLL Universal Release|Win32
		{32B18CFE-19C8-5F72-9759-CE03A314A875}.Release|Win32.ActiveCfg = Release|Win32
		{32B18CFE-19C8-5F72-9759-CE03A314A875}.Release|Win32.Build.0 = Release|Win32
		{6EA54780-4728-5F04-A501-3B3F4538874C}.Debug|Win32.ActiveCfg = Debug|Win32
		{6EA54780-4728-5F04-A501-3B3F4538874C}.Debug|Win32.Build.0 = Debug|Win32
		{6EA54780-4728-5F04-A501-3B3F4538874C}.Libraries|Win32.ActiveCfg = DLL Universal Release|Win32
		{6EA54780-4728-5F04-A501-3B3F4538874C}.Release|Win32.ActiveCfg = Release|Win32
		{6EA54780-4728-5F04-A501-3B3F4538874C}.Release|Win32.Build.0 = Release|Win32
		{C752F044-0E49-5C21-818F-751B327B35AA}.Debug|Win32.ActiveCfg = Debug|Win32
		{C752F044-0E49-5C21-818F-751B327B35AA}.Debug|Win32.Build.0 = Debug|Win32
		{C752F044-0E49-5C21-818F-751B327B35AA}.Libraries|Win32.ActiveCfg = DLL Universal Release|Win32
		{C752F044-0E49-5C21-818F-751B327B35AA}.Release|Win32.ActiveCfg = Release|Win32
		{C752F044-0E49-5C21-818F-751B327B35AA}.Release|Win32.Build.0 = Release|Win32
		{860D7EB9-A879-4B52-B277-EDDE1877A2B9}.Debug|Win32.ActiveCfg = Debug|Win32
		{860D7EB9-A879-4B52-B277-EDDE1877A2B9}.Debug|Win32.Build.0 = Debug|Win32
		{860D7EB9-A879-4B52-B277-EDDE1877A2B9}.Libraries|Win32.ActiveCfg = Release|Win32
		{860D7EB9-A879-4B52-B277-EDDE1877A2B9}.Release|Win32.ActiveCfg = Release|Win32
		{860D7EB9-A879-4B52-B277-EDDE1877A2B9}.Release|Win32.Build.0 = Release|Win32
		{7565C8EF-1577-4D34-82E7-5D8703F59C69}.Debug|Win32.ActiveCfg = Debug|Win32
		{7565C8EF-1577-4D34-82E7-5D8703F59C69}.Debug|Win32.Build.0 = Debug|Win32
		{7565C8EF-1577-4D34-82E7-5D8703F59C69}.Libraries|Win32.ActiveCfg = Release|Win32
		{7565C8EF-1577-4D34-82E7-5D8703F59C69}.Release|Win32.ActiveCfg = Release|Win32
		{7565C8EF-1577-4D34-82E7-5D8703F59C69}.Release|Win32.Build.0 = Release|Win32
		{B361C000-79E7-5B8A-8F5F-BC0168C7002E}.Debug|Win32.ActiveCfg = Debug|Win32
		{B361C000-79E7-5B8A-8F5F-BC0168C7002E}.Debug|Win32.Build.0 = Debug|Win32
		{B361C000-79E7-5B8A-8F5F-BC0168C7002E}.Libraries|Win32.ActiveCfg = DLL Universal Release|Win32
		{B361C000-79E7-5B8A-8F5F-BC0168C7002E}.Release|Win32.ActiveCfg = Release|Win32
		{B361C000-79E7-5B8A-8F5F-BC0168C7002E}.Release|Win32.Build.0 = Release|Win32
	EndGlobalSection
	GlobalSection(SolutionProperties) = preSolution
		HideSolutionNode = FALSE
	EndGlobalSection
	GlobalSection(NestedProjects) = preSolution
		{637A31F3-6182-4593-8773-BE00749A6F5D} = {4A45064F-0147-4D84-8F58-1263EE81D2C1}
		{7CDAADC7-CA80-4CC2-8A1B-3466795F694D} = {4A45064F-0147-4D84-8F58-1263EE81D2C1}
		{09D9D9F2-3933-419C-ACA6-8731BF0A4686} = {4A45064F-0147-4D84-8F58-1263EE81D2C1}
		{167D8742-C61D-4EE8-A8F6-70E13E2329EA} = {CDF725DC-E7FF-45D5-B0D0-DA6D55272D59}
		{1C2E0562-ADD8-482F-8B23-804AF3E5D8A6} = {CDF725DC-E7FF-45D5-B0D0-DA6D55272D59}
		{EA08BA49-0849-4CF6-8D4B-090AC856CBE6} = {CDF725DC-E7FF-45D5-B0D0-DA6D55272D59}
		{DACCC4BB-28C4-41C8-A605-5BDBC3B749C4} = {CDF725DC-E7FF-45D5-B0D0-DA6D55272D59}
		{78B079BD-9FC7-4B9E-B4A6-96DA0F00248B} = {CDF725DC-E7FF-45D5-B0D0-DA6D55272D59}
		{9AFD8931-B191-487E-A89E-0904A928F488} = {CDF725DC-E7FF-45D5-B0D0-DA6D55272D59}
		{BEC0CD2F-60CD-40E2-A89B-AB10E902F1D5} = {CDF725DC-E7FF-45D5-B0D0-DA6D55272D59}
		{87EE9DA4-DE1E-4448-8324-183C98DCA588} = {CDF725DC-E7FF-45D5-B0D0-DA6D55272D59}
		{A3BAB39A-7392-4503-8327-90E965A39B1B} = {CDF725DC-E7FF-45D5-B0D0-DA6D55272D59}
		{860D7EB9-A879-4B52-B277-EDDE1877A2B9} = {CDF725DC-E7FF-45D5-B0D0-DA6D55272D59}
		{7565C8EF-1577-4D34-82E7-5D8703F59C69} = {CDF725DC-E7FF-45D5-B0D0-DA6D55272D59}
		{287CA56A-9A3D-4B58-8491-7ABAFC6A5F5C} = {B8E8EB62-A84C-4FCE-8551-0A40FD5AEC1D}
		{616DF24D-F34F-46F9-A84F-8F7A17E0EC2A} = {B8E8EB62-A84C-4FCE-8551-0A40FD5AEC1D}
		{E3E18AF4-CBA2-4F24-A7E1-6B5A73D3A46E} = {B8E8EB62-A84C-4FCE-8551-0A40FD5AEC1D}
		{96606A8A-AB00-4DA9-8AF3-BAD7F8AF4406} = {B8E8EB62-A84C-4FCE-8551-0A40FD5AEC1D}
		{8626B0C9-754F-46FE-8550-DEC65D300AE6} = {A180575B-5EA5-4A89-BF87-2EC37116045F}
		{4607DD4E-20D2-4FE2-BBF4-9D2B0F05F299} = {A180575B-5EA5-4A89-BF87-2EC37116045F}
		{306935CD-3C77-4C80-B1F4-39A1527CA232} = {A180575B-5EA5-4A89-BF87-2EC37116045F}
		{2E428F55-7263-58A2-80E4-59D2E6BD9E5A} = {B92891EF-6BF3-4D9C-B894-117349997956}
		{078F4E39-D258-54B5-B1B1-4905D10E06DC} = {B92891EF-6BF3-4D9C-B894-117349997956}
		{CC1B3044-403C-53A2-8AA5-821F7A99A29F} = {B92891EF-6BF3-4D9C-B894-117349997956}
		{FA559111-7B08-54E7-BD3B-0B621C819C78} = {B92891EF-6BF3-4D9C-B894-117349997956}
		{6C6028A1-9741-536A-A4CC-AD9D5A21EFE9} = {B92891EF-6BF3-4D9C-B894-117349997956}
		{3E2CE61B-B4B7-5120-8EE3-65ECC0BE055E} = {B92891EF-6BF3-4D9C-B894-117349997956}
		{A92A7D53-52C9-5561-AD62-A3EC4379CC4D} = {B92891EF-6BF3-4D9C-B894-117349997956}
		{9B9B8541-3661-5AD8-8DFF-0BE67FBF1A37} = {B92891EF-6BF3-4D9C-B894-117349997956}
		{02A5D9F0-B0D3-5AD7-B6BA-9E5C05647992} = {B92891EF-6BF3-4D9C-B894-117349997956}
		{5802720D-A6B1-5E95-AFF3-B80CFE03431B} = {B92891EF-6BF3-4D9C-B894-117349997956}
		{0CCCC9AA-581E-5616-B347-F93AAD183BC4} = {B92891EF-6BF3-4D9C-B894-117349997956}
		{CD477539-2983-5490-B8C4-DC72B2760FFF} = {B92891EF-6BF3-4D9C-B894-117349997956}
		{4BDDC25D-2967-5450-8439-107D28E7B5D7} = {B92891EF-6BF3-4D9C-B894-117349997956}
		{2764E632-B514-5EEE-BD94-23BCF6FC2A92} = {B92891EF-6BF3-4D9C-B894-117349997956}
		{32B18CFE-19C8-5F72-9759-CE03A314A875} = {B92891EF-6BF3-4D9C-B894-117349997956}
		{6EA54780-4728-5F04-A501-3B3F4538874C} = {B92891EF-6BF3-4D9C-B894-117349997956}
		{C752F044-0E49-5C21-818F-751B327B35AA} = {B92891EF-6BF3-4D9C-B894-117349997956}
		{B361C000-79E7-5B8A-8F5F-BC0168C7002E} = {B92891EF-6BF3-4D9C-B894-117349997956}
	EndGlobalSection
	GlobalSection(DPCodeReviewSolutionGUID) = preSolution
		DPCodeReviewSolutionGUID = {00000000-0000-0000-0000-000000000000}
	EndGlobalSection
EndGlobal
